
Microsoft Visual Studio Solution File, Format Version 12.00
# Visual Studio Version 17
VisualStudioVersion = 17.0.31521.260
MinimumVisualStudioVersion = 10.0.40219.1
Project("{9A19103F-16F7-4668-BE54-9A1E7A4F7556}") = "SalesByMatch", "Warmup\SalesByMatch\SalesByMatch.csproj", "{B9BAB181-6225-49C4-8DF0-3D53D41EED4F}"
EndProject
Project("{9A19103F-16F7-4668-BE54-9A1E7A4F7556}") = "CountingValeys", "Warmup\CountingValeys\CountingValeys.csproj", "{53C72FD6-DC1E-42EB-B31B-DFF890AE3E99}"
EndProject
Project("{9A19103F-16F7-4668-BE54-9A1E7A4F7556}") = "JumpingOnTheClouds", "Warmup\JumpingOnTheClouds\JumpingOnTheClouds.csproj", "{32AA1E84-510C-4EE9-B4CB-342197C28329}"
EndProject
Project("{9A19103F-16F7-4668-BE54-9A1E7A4F7556}") = "RepeatedString", "Warmup\RepeatedString\RepeatedString.csproj", "{B61CC317-CC3B-43BD-8A92-D126E1BBE6CA}"
EndProject
Project("{9A19103F-16F7-4668-BE54-9A1E7A4F7556}") = "DiagonalDifference", "Warmup\DiagonalDifference\DiagonalDifference.csproj", "{49B395D5-4E9A-429B-BD54-69631608E638}"
EndProject
Project("{9A19103F-16F7-4668-BE54-9A1E7A4F7556}") = "Staircase", "Warmup\Staircase\Staircase.csproj", "{8320E2DC-6B41-4199-97CF-128087F5D4B2}"
EndProject
Project("{9A19103F-16F7-4668-BE54-9A1E7A4F7556}") = "PlusMinus", "Warmup\PlusMinus\PlusMinus.csproj", "{ECB06117-AD8B-44E0-8656-655966A00E94}"
EndProject
Project("{9A19103F-16F7-4668-BE54-9A1E7A4F7556}") = "MiniMaxSum", "Warmup\MiniMaxSum\MiniMaxSum.csproj", "{27BFD93D-36F0-4DB2-A2F8-D1A5809806BF}"
EndProject
Project("{9A19103F-16F7-4668-BE54-9A1E7A4F7556}") = "BirthdayCakeCandles", "Warmup\BirthdayCakeCandles\BirthdayCakeCandles.csproj", "{3EE3DC21-48D0-47CB-887A-6D2C0D2C9A17}"
EndProject
Project("{9A19103F-16F7-4668-BE54-9A1E7A4F7556}") = "TimeConversion", "Warmup\TimeConversion\TimeConversion.csproj", "{32B87302-3BF8-439B-A619-9E1CECC8906C}"
EndProject
Project("{2150E333-8FDC-42A3-9474-1A3956D46DE8}") = "Strings", "Strings", "{7A306FC3-5648-4A58-A8A9-2D5A555788A5}"
EndProject
Project("{9A19103F-16F7-4668-BE54-9A1E7A4F7556}") = "CamelCase", "Strings\CamelCase\CamelCase.csproj", "{98395B03-D702-4FC4-8B6E-19EDB1267F1F}"
EndProject
Project("{9A19103F-16F7-4668-BE54-9A1E7A4F7556}") = "StrongPassword", "Strings\StrongPassword\StrongPassword.csproj", "{5B57F078-DBA1-40EF-ACAA-6FFF688FCE63}"
EndProject
Project("{9A19103F-16F7-4668-BE54-9A1E7A4F7556}") = "TwoCharacters", "Strings\TwoCharacters\TwoCharacters.csproj", "{382E3F53-23AF-419C-A3F3-C10294EC4314}"
EndProject
Project("{9A19103F-16F7-4668-BE54-9A1E7A4F7556}") = "CaesarCipher", "Strings\CaesarCipher\CaesarCipher.csproj", "{0B4D4961-4E8A-4C67-BC41-E76F301AE72D}"
EndProject
Project("{2150E333-8FDC-42A3-9474-1A3956D46DE8}") = "Warmup", "Warmup", "{EAEFB73F-CFB9-4824-9836-22EFC576C669}"
EndProject
Project("{2150E333-8FDC-42A3-9474-1A3956D46DE8}") = "Implementation", "Implementation", "{640E3AFC-EF59-429C-A83F-7A636608D72F}"
EndProject
Project("{9A19103F-16F7-4668-BE54-9A1E7A4F7556}") = "GradingStudents", "Implementation\GradingStudents\GradingStudents.csproj", "{EFE33C20-ABE6-4D67-9942-063DFF595ECE}"
EndProject
Project("{9A19103F-16F7-4668-BE54-9A1E7A4F7556}") = "AppleAndOrange", "Implementation\AppleAndOrange\AppleAndOrange.csproj", "{27109C20-7284-4555-846A-935DD10DF166}"
EndProject
Project("{9A19103F-16F7-4668-BE54-9A1E7A4F7556}") = "NumberLinesJump", "Implementation\NumberLinesJump\NumberLinesJump.csproj", "{69C44E3A-8ED1-4D70-9816-0A50B83620DC}"
EndProject
Project("{9A19103F-16F7-4668-BE54-9A1E7A4F7556}") = "BetweenTwoSets", "Implementation\BetweenTwoSets\BetweenTwoSets.csproj", "{DE8E086F-ADE2-4F55-86BB-28E4F5F9AC10}"
EndProject
Project("{9A19103F-16F7-4668-BE54-9A1E7A4F7556}") = "BreakingTheRecords", "Implementation\BreakingTheRecords\BreakingTheRecords.csproj", "{5F2F9FA5-BD09-4946-AE92-4356D316190A}"
EndProject
Project("{9A19103F-16F7-4668-BE54-9A1E7A4F7556}") = "SubarrayDivision", "Implementation\SubarrayDivision\SubarrayDivision.csproj", "{11F269DE-CFA2-451D-9A7C-3275C4D92903}"
EndProject
Project("{9A19103F-16F7-4668-BE54-9A1E7A4F7556}") = "DivisibleSumPairs", "Implementation\DivisibleSumPairs\DivisibleSumPairs.csproj", "{85AEE21D-6DE7-4B5E-ACA5-19B4D14558D1}"
EndProject
Project("{9A19103F-16F7-4668-BE54-9A1E7A4F7556}") = "MigratoryBirds", "Implementation\MigratoryBirds\MigratoryBirds.csproj", "{0E58ED31-84F7-4C68-A59A-E3FF0695F838}"
EndProject
Project("{9A19103F-16F7-4668-BE54-9A1E7A4F7556}") = "DayOfTheProgrammer", "Implementation\DayOfTheProgrammer\DayOfTheProgrammer.csproj", "{6E830C4B-02F2-4D1E-8612-718FAA414E8C}"
EndProject
Project("{9A19103F-16F7-4668-BE54-9A1E7A4F7556}") = "BillDivision", "Implementation\BillDivision\BillDivision.csproj", "{9E335364-411E-4073-8127-3A73D57CC49E}"
EndProject
Project("{9A19103F-16F7-4668-BE54-9A1E7A4F7556}") = "SalesByMatch", "Implementation\SalesByMatch\SalesByMatch.csproj", "{3EB40009-263D-4F80-83B3-0E3FDD4AD040}"
EndProject
Project("{9A19103F-16F7-4668-BE54-9A1E7A4F7556}") = "DrawingBook", "Implementation\DrawingBook\DrawingBook.csproj", "{14706119-7B57-4D49-9021-9CA3372B2797}"
EndProject
Project("{9A19103F-16F7-4668-BE54-9A1E7A4F7556}") = "CountingValleys", "Implementation\CountingValleys\CountingValleys.csproj", "{1FF9265A-8E33-4E70-9D36-B9282C526AD3}"
EndProject
Project("{9A19103F-16F7-4668-BE54-9A1E7A4F7556}") = "ElectronicsShop", "Implementation\ElectronicsShop\ElectronicsShop.csproj", "{A9986C67-147C-462A-ABA8-14FDA1AFA6D3}"
EndProject
Project("{9A19103F-16F7-4668-BE54-9A1E7A4F7556}") = "CatAndAMouse", "Implementation\CatAndAMouse\CatAndAMouse.csproj", "{386249B1-56F0-492C-B9EB-1CDDB745BC1B}"
EndProject
Project("{9A19103F-16F7-4668-BE54-9A1E7A4F7556}") = "FormingAMagicSquare", "Implementation\FormingAMagicSquare\FormingAMagicSquare.csproj", "{7462DEFF-0D6F-4535-BCA7-E7FB73100FD9}"
EndProject
Project("{9A19103F-16F7-4668-BE54-9A1E7A4F7556}") = "PickingNumbers", "Implementation\PickingNumbers\PickingNumbers.csproj", "{3618348A-55A6-45BB-AB7A-B0384FB10F11}"
EndProject
Project("{9A19103F-16F7-4668-BE54-9A1E7A4F7556}") = "ClimbingTheLeaderboard", "Implementation\ClimbingTheLeaderboard\ClimbingTheLeaderboard.csproj", "{2B151451-9C25-4B47-8721-7CD9B5A6492C}"
EndProject
Project("{9A19103F-16F7-4668-BE54-9A1E7A4F7556}") = "TheHurdleRace", "Implementation\TheHurdleRace\TheHurdleRace.csproj", "{EC4A2D42-36D2-4873-91C8-BE360F60638B}"
EndProject
Project("{9A19103F-16F7-4668-BE54-9A1E7A4F7556}") = "DesignerPDFViewer", "Implementation\DesignerPDFViewer\DesignerPDFViewer.csproj", "{8D2E30E7-F9F5-4CBC-A15C-C2F0D5EA286E}"
EndProject
Project("{9A19103F-16F7-4668-BE54-9A1E7A4F7556}") = "UtopianTree", "Implementation\UtopianTree\UtopianTree.csproj", "{8E2CDE9A-F6E3-4E33-806A-F9EA3A05EEA9}"
EndProject
Project("{9A19103F-16F7-4668-BE54-9A1E7A4F7556}") = "AngryProfessor", "Implementation\AngryProfessor\AngryProfessor.csproj", "{E43C22EE-891C-424D-AA89-21E771A36BEC}"
EndProject
Project("{9A19103F-16F7-4668-BE54-9A1E7A4F7556}") = "BestTimeToBuyAndSellStock", "Implementation\BestTimeToBuyAndSellStock\BestTimeToBuyAndSellStock.csproj", "{5A5905BA-E3B0-4DF7-9305-D23D17EE21E5}"
EndProject
Project("{9A19103F-16F7-4668-BE54-9A1E7A4F7556}") = "MinimumAbsoluteDifferenceInAnArray", "Greedy\MinimumAbsoluteDifferenceInAnArray\MinimumAbsoluteDifferenceInAnArray.csproj", "{98BC34B0-B0A5-49F6-BA29-C21E17DAA7CA}"
EndProject
Project("{2150E333-8FDC-42A3-9474-1A3956D46DE8}") = "Greedy", "Greedy", "{FE43AFD7-5C5C-4ADE-BC40-200DBCA4F6E0}"
EndProject
Project("{2150E333-8FDC-42A3-9474-1A3956D46DE8}") = "Searching", "Searching", "{F516CF1E-E4D6-4005-B14D-76BED9B27CCB}"
EndProject
Project("{9A19103F-16F7-4668-BE54-9A1E7A4F7556}") = "LinearSearch", "Searching\LinearSearch\LinearSearch.csproj", "{947CF5E9-26F3-412B-B0BA-865EE645F200}"
EndProject
Project("{2150E333-8FDC-42A3-9474-1A3956D46DE8}") = "Sorting", "Sorting", "{DE56944B-1108-4AC4-BF70-18E501CC3B33}"
EndProject
Project("{9A19103F-16F7-4668-BE54-9A1E7A4F7556}") = "BigSorting", "Sorting\BigSorting\BigSorting.csproj", "{D60EAAAF-C264-4494-A35C-F1EFB5DE44BA}"
EndProject
Project("{9A19103F-16F7-4668-BE54-9A1E7A4F7556}") = "BeautifulDaysAtTheMovies", "Implementation\BeautifulDaysAtTheMovies\BeautifulDaysAtTheMovies.csproj", "{2AF3680A-F604-4BE5-B3E4-5E7357C09C70}"
EndProject
Project("{2150E333-8FDC-42A3-9474-1A3956D46DE8}") = "Arrays", "Arrays", "{526A07D6-CEEC-4E5E-BBC1-F5E0169D06C6}"
EndProject
Project("{9A19103F-16F7-4668-BE54-9A1E7A4F7556}") = "RemoveDuplicatesFromSortedArray", "Arrays\RemoveDuplicatesFromSortedArray\RemoveDuplicatesFromSortedArray.csproj", "{EF1F2DEE-7C8B-4277-8FB7-B71D08E761DE}"
EndProject
Project("{9A19103F-16F7-4668-BE54-9A1E7A4F7556}") = "RotateArray", "Arrays\RotateArray\RotateArray.csproj", "{7A9F2A28-2C50-40A4-A7A1-A9D9DE92D54F}"
EndProject
Project("{9A19103F-16F7-4668-BE54-9A1E7A4F7556}") = "ContainsDuplicate", "Arrays\ContainsDuplicate\ContainsDuplicate.csproj", "{D629E5AE-0113-4615-B4ED-0621A6CB223B}"
EndProject
Project("{9A19103F-16F7-4668-BE54-9A1E7A4F7556}") = "ViralAdvertising", "Implementation\ViralAdvertising\ViralAdvertising.csproj", "{EE611641-2B4A-42EE-AAC6-DCE18FE614B9}"
EndProject
Project("{9A19103F-16F7-4668-BE54-9A1E7A4F7556}") = "SaveThePrisoner", "Implementation\SaveThePrisoner\SaveThePrisoner.csproj", "{E4C371CC-7A29-400A-BEFF-3F7255672079}"
EndProject
Project("{9A19103F-16F7-4668-BE54-9A1E7A4F7556}") = "SingleNumber", "Arrays\SingleNumber\SingleNumber.csproj", "{BFC5DF85-7021-46E9-B77B-AD65D024F97E}"
EndProject
Project("{9A19103F-16F7-4668-BE54-9A1E7A4F7556}") = "ReverseString", "Strings\ReverseString\ReverseString.csproj", "{87672E1A-271A-496F-A5AE-F8CA662D5287}"
EndProject
Project("{9A19103F-16F7-4668-BE54-9A1E7A4F7556}") = "FirstUniqueCharacterInAString", "Strings\FirstUniqueCharacterInAString\FirstUniqueCharacterInAString.csproj", "{464E22E7-F0B6-4C5A-A4F5-2992E081D047}"
EndProject
Project("{9A19103F-16F7-4668-BE54-9A1E7A4F7556}") = "ValidAnagram", "Strings\ValidAnagram\ValidAnagram.csproj", "{EED00B1C-DBD7-4BC7-8963-CBE927580DEE}"
EndProject
Project("{9A19103F-16F7-4668-BE54-9A1E7A4F7556}") = "ValidPalindrome", "Strings\ValidPalindrome\ValidPalindrome.csproj", "{F3BB71C7-7BFA-409B-B95D-C9FB72FE1ECF}"
EndProject
Project("{9A19103F-16F7-4668-BE54-9A1E7A4F7556}") = "LongestCommonPrefix", "Strings\LongestCommonPrefix\LongestCommonPrefix.csproj", "{6529E34B-2EEC-449B-8C8C-A7A4A3E3219D}"
EndProject
Project("{2150E333-8FDC-42A3-9474-1A3956D46DE8}") = "LinkedList", "LinkedList", "{E150AE83-6022-41DA-A446-EEB8FB0FCC60}"
EndProject
Project("{FAE04EC0-301F-11D3-BF4B-00C04F79EFBC}") = "DeleteNodeInLinkedList", "LinkedList\DeleteNodeInLinkedList\DeleteNodeInLinkedList.csproj", "{60AD4266-A2CB-4A11-9992-9CEF23FD3F63}"
EndProject
Global
	GlobalSection(SolutionConfigurationPlatforms) = preSolution
		Debug|Any CPU = Debug|Any CPU
		Release|Any CPU = Release|Any CPU
	EndGlobalSection
	GlobalSection(ProjectConfigurationPlatforms) = postSolution
		{B9BAB181-6225-49C4-8DF0-3D53D41EED4F}.Debug|Any CPU.ActiveCfg = Debug|Any CPU
		{B9BAB181-6225-49C4-8DF0-3D53D41EED4F}.Debug|Any CPU.Build.0 = Debug|Any CPU
		{B9BAB181-6225-49C4-8DF0-3D53D41EED4F}.Release|Any CPU.ActiveCfg = Release|Any CPU
		{B9BAB181-6225-49C4-8DF0-3D53D41EED4F}.Release|Any CPU.Build.0 = Release|Any CPU
		{53C72FD6-DC1E-42EB-B31B-DFF890AE3E99}.Debug|Any CPU.ActiveCfg = Debug|Any CPU
		{53C72FD6-DC1E-42EB-B31B-DFF890AE3E99}.Debug|Any CPU.Build.0 = Debug|Any CPU
		{53C72FD6-DC1E-42EB-B31B-DFF890AE3E99}.Release|Any CPU.ActiveCfg = Release|Any CPU
		{53C72FD6-DC1E-42EB-B31B-DFF890AE3E99}.Release|Any CPU.Build.0 = Release|Any CPU
		{32AA1E84-510C-4EE9-B4CB-342197C28329}.Debug|Any CPU.ActiveCfg = Debug|Any CPU
		{32AA1E84-510C-4EE9-B4CB-342197C28329}.Debug|Any CPU.Build.0 = Debug|Any CPU
		{32AA1E84-510C-4EE9-B4CB-342197C28329}.Release|Any CPU.ActiveCfg = Release|Any CPU
		{32AA1E84-510C-4EE9-B4CB-342197C28329}.Release|Any CPU.Build.0 = Release|Any CPU
		{B61CC317-CC3B-43BD-8A92-D126E1BBE6CA}.Debug|Any CPU.ActiveCfg = Debug|Any CPU
		{B61CC317-CC3B-43BD-8A92-D126E1BBE6CA}.Debug|Any CPU.Build.0 = Debug|Any CPU
		{B61CC317-CC3B-43BD-8A92-D126E1BBE6CA}.Release|Any CPU.ActiveCfg = Release|Any CPU
		{B61CC317-CC3B-43BD-8A92-D126E1BBE6CA}.Release|Any CPU.Build.0 = Release|Any CPU
		{49B395D5-4E9A-429B-BD54-69631608E638}.Debug|Any CPU.ActiveCfg = Debug|Any CPU
		{49B395D5-4E9A-429B-BD54-69631608E638}.Debug|Any CPU.Build.0 = Debug|Any CPU
		{49B395D5-4E9A-429B-BD54-69631608E638}.Release|Any CPU.ActiveCfg = Release|Any CPU
		{49B395D5-4E9A-429B-BD54-69631608E638}.Release|Any CPU.Build.0 = Release|Any CPU
		{8320E2DC-6B41-4199-97CF-128087F5D4B2}.Debug|Any CPU.ActiveCfg = Debug|Any CPU
		{8320E2DC-6B41-4199-97CF-128087F5D4B2}.Debug|Any CPU.Build.0 = Debug|Any CPU
		{8320E2DC-6B41-4199-97CF-128087F5D4B2}.Release|Any CPU.ActiveCfg = Release|Any CPU
		{8320E2DC-6B41-4199-97CF-128087F5D4B2}.Release|Any CPU.Build.0 = Release|Any CPU
		{ECB06117-AD8B-44E0-8656-655966A00E94}.Debug|Any CPU.ActiveCfg = Debug|Any CPU
		{ECB06117-AD8B-44E0-8656-655966A00E94}.Debug|Any CPU.Build.0 = Debug|Any CPU
		{ECB06117-AD8B-44E0-8656-655966A00E94}.Release|Any CPU.ActiveCfg = Release|Any CPU
		{ECB06117-AD8B-44E0-8656-655966A00E94}.Release|Any CPU.Build.0 = Release|Any CPU
		{27BFD93D-36F0-4DB2-A2F8-D1A5809806BF}.Debug|Any CPU.ActiveCfg = Debug|Any CPU
		{27BFD93D-36F0-4DB2-A2F8-D1A5809806BF}.Debug|Any CPU.Build.0 = Debug|Any CPU
		{27BFD93D-36F0-4DB2-A2F8-D1A5809806BF}.Release|Any CPU.ActiveCfg = Release|Any CPU
		{27BFD93D-36F0-4DB2-A2F8-D1A5809806BF}.Release|Any CPU.Build.0 = Release|Any CPU
		{3EE3DC21-48D0-47CB-887A-6D2C0D2C9A17}.Debug|Any CPU.ActiveCfg = Debug|Any CPU
		{3EE3DC21-48D0-47CB-887A-6D2C0D2C9A17}.Debug|Any CPU.Build.0 = Debug|Any CPU
		{3EE3DC21-48D0-47CB-887A-6D2C0D2C9A17}.Release|Any CPU.ActiveCfg = Release|Any CPU
		{3EE3DC21-48D0-47CB-887A-6D2C0D2C9A17}.Release|Any CPU.Build.0 = Release|Any CPU
		{32B87302-3BF8-439B-A619-9E1CECC8906C}.Debug|Any CPU.ActiveCfg = Debug|Any CPU
		{32B87302-3BF8-439B-A619-9E1CECC8906C}.Debug|Any CPU.Build.0 = Debug|Any CPU
		{32B87302-3BF8-439B-A619-9E1CECC8906C}.Release|Any CPU.ActiveCfg = Release|Any CPU
		{32B87302-3BF8-439B-A619-9E1CECC8906C}.Release|Any CPU.Build.0 = Release|Any CPU
		{98395B03-D702-4FC4-8B6E-19EDB1267F1F}.Debug|Any CPU.ActiveCfg = Debug|Any CPU
		{98395B03-D702-4FC4-8B6E-19EDB1267F1F}.Debug|Any CPU.Build.0 = Debug|Any CPU
		{98395B03-D702-4FC4-8B6E-19EDB1267F1F}.Release|Any CPU.ActiveCfg = Release|Any CPU
		{98395B03-D702-4FC4-8B6E-19EDB1267F1F}.Release|Any CPU.Build.0 = Release|Any CPU
		{5B57F078-DBA1-40EF-ACAA-6FFF688FCE63}.Debug|Any CPU.ActiveCfg = Debug|Any CPU
		{5B57F078-DBA1-40EF-ACAA-6FFF688FCE63}.Debug|Any CPU.Build.0 = Debug|Any CPU
		{5B57F078-DBA1-40EF-ACAA-6FFF688FCE63}.Release|Any CPU.ActiveCfg = Release|Any CPU
		{5B57F078-DBA1-40EF-ACAA-6FFF688FCE63}.Release|Any CPU.Build.0 = Release|Any CPU
		{382E3F53-23AF-419C-A3F3-C10294EC4314}.Debug|Any CPU.ActiveCfg = Debug|Any CPU
		{382E3F53-23AF-419C-A3F3-C10294EC4314}.Debug|Any CPU.Build.0 = Debug|Any CPU
		{382E3F53-23AF-419C-A3F3-C10294EC4314}.Release|Any CPU.ActiveCfg = Release|Any CPU
		{382E3F53-23AF-419C-A3F3-C10294EC4314}.Release|Any CPU.Build.0 = Release|Any CPU
		{0B4D4961-4E8A-4C67-BC41-E76F301AE72D}.Debug|Any CPU.ActiveCfg = Debug|Any CPU
		{0B4D4961-4E8A-4C67-BC41-E76F301AE72D}.Debug|Any CPU.Build.0 = Debug|Any CPU
		{0B4D4961-4E8A-4C67-BC41-E76F301AE72D}.Release|Any CPU.ActiveCfg = Release|Any CPU
		{0B4D4961-4E8A-4C67-BC41-E76F301AE72D}.Release|Any CPU.Build.0 = Release|Any CPU
		{EFE33C20-ABE6-4D67-9942-063DFF595ECE}.Debug|Any CPU.ActiveCfg = Debug|Any CPU
		{EFE33C20-ABE6-4D67-9942-063DFF595ECE}.Debug|Any CPU.Build.0 = Debug|Any CPU
		{EFE33C20-ABE6-4D67-9942-063DFF595ECE}.Release|Any CPU.ActiveCfg = Release|Any CPU
		{EFE33C20-ABE6-4D67-9942-063DFF595ECE}.Release|Any CPU.Build.0 = Release|Any CPU
		{27109C20-7284-4555-846A-935DD10DF166}.Debug|Any CPU.ActiveCfg = Debug|Any CPU
		{27109C20-7284-4555-846A-935DD10DF166}.Debug|Any CPU.Build.0 = Debug|Any CPU
		{27109C20-7284-4555-846A-935DD10DF166}.Release|Any CPU.ActiveCfg = Release|Any CPU
		{27109C20-7284-4555-846A-935DD10DF166}.Release|Any CPU.Build.0 = Release|Any CPU
		{69C44E3A-8ED1-4D70-9816-0A50B83620DC}.Debug|Any CPU.ActiveCfg = Debug|Any CPU
		{69C44E3A-8ED1-4D70-9816-0A50B83620DC}.Debug|Any CPU.Build.0 = Debug|Any CPU
		{69C44E3A-8ED1-4D70-9816-0A50B83620DC}.Release|Any CPU.ActiveCfg = Release|Any CPU
		{69C44E3A-8ED1-4D70-9816-0A50B83620DC}.Release|Any CPU.Build.0 = Release|Any CPU
		{DE8E086F-ADE2-4F55-86BB-28E4F5F9AC10}.Debug|Any CPU.ActiveCfg = Debug|Any CPU
		{DE8E086F-ADE2-4F55-86BB-28E4F5F9AC10}.Debug|Any CPU.Build.0 = Debug|Any CPU
		{DE8E086F-ADE2-4F55-86BB-28E4F5F9AC10}.Release|Any CPU.ActiveCfg = Release|Any CPU
		{DE8E086F-ADE2-4F55-86BB-28E4F5F9AC10}.Release|Any CPU.Build.0 = Release|Any CPU
		{5F2F9FA5-BD09-4946-AE92-4356D316190A}.Debug|Any CPU.ActiveCfg = Debug|Any CPU
		{5F2F9FA5-BD09-4946-AE92-4356D316190A}.Debug|Any CPU.Build.0 = Debug|Any CPU
		{5F2F9FA5-BD09-4946-AE92-4356D316190A}.Release|Any CPU.ActiveCfg = Release|Any CPU
		{5F2F9FA5-BD09-4946-AE92-4356D316190A}.Release|Any CPU.Build.0 = Release|Any CPU
		{11F269DE-CFA2-451D-9A7C-3275C4D92903}.Debug|Any CPU.ActiveCfg = Debug|Any CPU
		{11F269DE-CFA2-451D-9A7C-3275C4D92903}.Debug|Any CPU.Build.0 = Debug|Any CPU
		{11F269DE-CFA2-451D-9A7C-3275C4D92903}.Release|Any CPU.ActiveCfg = Release|Any CPU
		{11F269DE-CFA2-451D-9A7C-3275C4D92903}.Release|Any CPU.Build.0 = Release|Any CPU
		{85AEE21D-6DE7-4B5E-ACA5-19B4D14558D1}.Debug|Any CPU.ActiveCfg = Debug|Any CPU
		{85AEE21D-6DE7-4B5E-ACA5-19B4D14558D1}.Debug|Any CPU.Build.0 = Debug|Any CPU
		{85AEE21D-6DE7-4B5E-ACA5-19B4D14558D1}.Release|Any CPU.ActiveCfg = Release|Any CPU
		{85AEE21D-6DE7-4B5E-ACA5-19B4D14558D1}.Release|Any CPU.Build.0 = Release|Any CPU
		{0E58ED31-84F7-4C68-A59A-E3FF0695F838}.Debug|Any CPU.ActiveCfg = Debug|Any CPU
		{0E58ED31-84F7-4C68-A59A-E3FF0695F838}.Debug|Any CPU.Build.0 = Debug|Any CPU
		{0E58ED31-84F7-4C68-A59A-E3FF0695F838}.Release|Any CPU.ActiveCfg = Release|Any CPU
		{0E58ED31-84F7-4C68-A59A-E3FF0695F838}.Release|Any CPU.Build.0 = Release|Any CPU
		{6E830C4B-02F2-4D1E-8612-718FAA414E8C}.Debug|Any CPU.ActiveCfg = Debug|Any CPU
		{6E830C4B-02F2-4D1E-8612-718FAA414E8C}.Debug|Any CPU.Build.0 = Debug|Any CPU
		{6E830C4B-02F2-4D1E-8612-718FAA414E8C}.Release|Any CPU.ActiveCfg = Release|Any CPU
		{6E830C4B-02F2-4D1E-8612-718FAA414E8C}.Release|Any CPU.Build.0 = Release|Any CPU
		{9E335364-411E-4073-8127-3A73D57CC49E}.Debug|Any CPU.ActiveCfg = Debug|Any CPU
		{9E335364-411E-4073-8127-3A73D57CC49E}.Debug|Any CPU.Build.0 = Debug|Any CPU
		{9E335364-411E-4073-8127-3A73D57CC49E}.Release|Any CPU.ActiveCfg = Release|Any CPU
		{9E335364-411E-4073-8127-3A73D57CC49E}.Release|Any CPU.Build.0 = Release|Any CPU
		{3EB40009-263D-4F80-83B3-0E3FDD4AD040}.Debug|Any CPU.ActiveCfg = Debug|Any CPU
		{3EB40009-263D-4F80-83B3-0E3FDD4AD040}.Debug|Any CPU.Build.0 = Debug|Any CPU
		{3EB40009-263D-4F80-83B3-0E3FDD4AD040}.Release|Any CPU.ActiveCfg = Release|Any CPU
		{3EB40009-263D-4F80-83B3-0E3FDD4AD040}.Release|Any CPU.Build.0 = Release|Any CPU
		{14706119-7B57-4D49-9021-9CA3372B2797}.Debug|Any CPU.ActiveCfg = Debug|Any CPU
		{14706119-7B57-4D49-9021-9CA3372B2797}.Debug|Any CPU.Build.0 = Debug|Any CPU
		{14706119-7B57-4D49-9021-9CA3372B2797}.Release|Any CPU.ActiveCfg = Release|Any CPU
		{14706119-7B57-4D49-9021-9CA3372B2797}.Release|Any CPU.Build.0 = Release|Any CPU
		{1FF9265A-8E33-4E70-9D36-B9282C526AD3}.Debug|Any CPU.ActiveCfg = Debug|Any CPU
		{1FF9265A-8E33-4E70-9D36-B9282C526AD3}.Debug|Any CPU.Build.0 = Debug|Any CPU
		{1FF9265A-8E33-4E70-9D36-B9282C526AD3}.Release|Any CPU.ActiveCfg = Release|Any CPU
		{1FF9265A-8E33-4E70-9D36-B9282C526AD3}.Release|Any CPU.Build.0 = Release|Any CPU
		{A9986C67-147C-462A-ABA8-14FDA1AFA6D3}.Debug|Any CPU.ActiveCfg = Debug|Any CPU
		{A9986C67-147C-462A-ABA8-14FDA1AFA6D3}.Debug|Any CPU.Build.0 = Debug|Any CPU
		{A9986C67-147C-462A-ABA8-14FDA1AFA6D3}.Release|Any CPU.ActiveCfg = Release|Any CPU
		{A9986C67-147C-462A-ABA8-14FDA1AFA6D3}.Release|Any CPU.Build.0 = Release|Any CPU
		{386249B1-56F0-492C-B9EB-1CDDB745BC1B}.Debug|Any CPU.ActiveCfg = Debug|Any CPU
		{386249B1-56F0-492C-B9EB-1CDDB745BC1B}.Debug|Any CPU.Build.0 = Debug|Any CPU
		{386249B1-56F0-492C-B9EB-1CDDB745BC1B}.Release|Any CPU.ActiveCfg = Release|Any CPU
		{386249B1-56F0-492C-B9EB-1CDDB745BC1B}.Release|Any CPU.Build.0 = Release|Any CPU
		{7462DEFF-0D6F-4535-BCA7-E7FB73100FD9}.Debug|Any CPU.ActiveCfg = Debug|Any CPU
		{7462DEFF-0D6F-4535-BCA7-E7FB73100FD9}.Debug|Any CPU.Build.0 = Debug|Any CPU
		{7462DEFF-0D6F-4535-BCA7-E7FB73100FD9}.Release|Any CPU.ActiveCfg = Release|Any CPU
		{7462DEFF-0D6F-4535-BCA7-E7FB73100FD9}.Release|Any CPU.Build.0 = Release|Any CPU
		{3618348A-55A6-45BB-AB7A-B0384FB10F11}.Debug|Any CPU.ActiveCfg = Debug|Any CPU
		{3618348A-55A6-45BB-AB7A-B0384FB10F11}.Debug|Any CPU.Build.0 = Debug|Any CPU
		{3618348A-55A6-45BB-AB7A-B0384FB10F11}.Release|Any CPU.ActiveCfg = Release|Any CPU
		{3618348A-55A6-45BB-AB7A-B0384FB10F11}.Release|Any CPU.Build.0 = Release|Any CPU
		{2B151451-9C25-4B47-8721-7CD9B5A6492C}.Debug|Any CPU.ActiveCfg = Debug|Any CPU
		{2B151451-9C25-4B47-8721-7CD9B5A6492C}.Debug|Any CPU.Build.0 = Debug|Any CPU
		{2B151451-9C25-4B47-8721-7CD9B5A6492C}.Release|Any CPU.ActiveCfg = Release|Any CPU
		{2B151451-9C25-4B47-8721-7CD9B5A6492C}.Release|Any CPU.Build.0 = Release|Any CPU
		{EC4A2D42-36D2-4873-91C8-BE360F60638B}.Debug|Any CPU.ActiveCfg = Debug|Any CPU
		{EC4A2D42-36D2-4873-91C8-BE360F60638B}.Debug|Any CPU.Build.0 = Debug|Any CPU
		{EC4A2D42-36D2-4873-91C8-BE360F60638B}.Release|Any CPU.ActiveCfg = Release|Any CPU
		{EC4A2D42-36D2-4873-91C8-BE360F60638B}.Release|Any CPU.Build.0 = Release|Any CPU
		{8D2E30E7-F9F5-4CBC-A15C-C2F0D5EA286E}.Debug|Any CPU.ActiveCfg = Debug|Any CPU
		{8D2E30E7-F9F5-4CBC-A15C-C2F0D5EA286E}.Debug|Any CPU.Build.0 = Debug|Any CPU
		{8D2E30E7-F9F5-4CBC-A15C-C2F0D5EA286E}.Release|Any CPU.ActiveCfg = Release|Any CPU
		{8D2E30E7-F9F5-4CBC-A15C-C2F0D5EA286E}.Release|Any CPU.Build.0 = Release|Any CPU
		{8E2CDE9A-F6E3-4E33-806A-F9EA3A05EEA9}.Debug|Any CPU.ActiveCfg = Debug|Any CPU
		{8E2CDE9A-F6E3-4E33-806A-F9EA3A05EEA9}.Debug|Any CPU.Build.0 = Debug|Any CPU
		{8E2CDE9A-F6E3-4E33-806A-F9EA3A05EEA9}.Release|Any CPU.ActiveCfg = Release|Any CPU
		{8E2CDE9A-F6E3-4E33-806A-F9EA3A05EEA9}.Release|Any CPU.Build.0 = Release|Any CPU
		{E43C22EE-891C-424D-AA89-21E771A36BEC}.Debug|Any CPU.ActiveCfg = Debug|Any CPU
		{E43C22EE-891C-424D-AA89-21E771A36BEC}.Debug|Any CPU.Build.0 = Debug|Any CPU
		{E43C22EE-891C-424D-AA89-21E771A36BEC}.Release|Any CPU.ActiveCfg = Release|Any CPU
		{E43C22EE-891C-424D-AA89-21E771A36BEC}.Release|Any CPU.Build.0 = Release|Any CPU
		{5A5905BA-E3B0-4DF7-9305-D23D17EE21E5}.Debug|Any CPU.ActiveCfg = Debug|Any CPU
		{5A5905BA-E3B0-4DF7-9305-D23D17EE21E5}.Debug|Any CPU.Build.0 = Debug|Any CPU
		{5A5905BA-E3B0-4DF7-9305-D23D17EE21E5}.Release|Any CPU.ActiveCfg = Release|Any CPU
		{5A5905BA-E3B0-4DF7-9305-D23D17EE21E5}.Release|Any CPU.Build.0 = Release|Any CPU
		{98BC34B0-B0A5-49F6-BA29-C21E17DAA7CA}.Debug|Any CPU.ActiveCfg = Debug|Any CPU
		{98BC34B0-B0A5-49F6-BA29-C21E17DAA7CA}.Debug|Any CPU.Build.0 = Debug|Any CPU
		{98BC34B0-B0A5-49F6-BA29-C21E17DAA7CA}.Release|Any CPU.ActiveCfg = Release|Any CPU
		{98BC34B0-B0A5-49F6-BA29-C21E17DAA7CA}.Release|Any CPU.Build.0 = Release|Any CPU
		{947CF5E9-26F3-412B-B0BA-865EE645F200}.Debug|Any CPU.ActiveCfg = Debug|Any CPU
		{947CF5E9-26F3-412B-B0BA-865EE645F200}.Debug|Any CPU.Build.0 = Debug|Any CPU
		{947CF5E9-26F3-412B-B0BA-865EE645F200}.Release|Any CPU.ActiveCfg = Release|Any CPU
		{947CF5E9-26F3-412B-B0BA-865EE645F200}.Release|Any CPU.Build.0 = Release|Any CPU
		{D60EAAAF-C264-4494-A35C-F1EFB5DE44BA}.Debug|Any CPU.ActiveCfg = Debug|Any CPU
		{D60EAAAF-C264-4494-A35C-F1EFB5DE44BA}.Debug|Any CPU.Build.0 = Debug|Any CPU
		{D60EAAAF-C264-4494-A35C-F1EFB5DE44BA}.Release|Any CPU.ActiveCfg = Release|Any CPU
		{D60EAAAF-C264-4494-A35C-F1EFB5DE44BA}.Release|Any CPU.Build.0 = Release|Any CPU
		{2AF3680A-F604-4BE5-B3E4-5E7357C09C70}.Debug|Any CPU.ActiveCfg = Debug|Any CPU
		{2AF3680A-F604-4BE5-B3E4-5E7357C09C70}.Debug|Any CPU.Build.0 = Debug|Any CPU
		{2AF3680A-F604-4BE5-B3E4-5E7357C09C70}.Release|Any CPU.ActiveCfg = Release|Any CPU
		{2AF3680A-F604-4BE5-B3E4-5E7357C09C70}.Release|Any CPU.Build.0 = Release|Any CPU
		{EF1F2DEE-7C8B-4277-8FB7-B71D08E761DE}.Debug|Any CPU.ActiveCfg = Debug|Any CPU
		{EF1F2DEE-7C8B-4277-8FB7-B71D08E761DE}.Debug|Any CPU.Build.0 = Debug|Any CPU
		{EF1F2DEE-7C8B-4277-8FB7-B71D08E761DE}.Release|Any CPU.ActiveCfg = Release|Any CPU
		{EF1F2DEE-7C8B-4277-8FB7-B71D08E761DE}.Release|Any CPU.Build.0 = Release|Any CPU
		{7A9F2A28-2C50-40A4-A7A1-A9D9DE92D54F}.Debug|Any CPU.ActiveCfg = Debug|Any CPU
		{7A9F2A28-2C50-40A4-A7A1-A9D9DE92D54F}.Debug|Any CPU.Build.0 = Debug|Any CPU
		{7A9F2A28-2C50-40A4-A7A1-A9D9DE92D54F}.Release|Any CPU.ActiveCfg = Release|Any CPU
		{7A9F2A28-2C50-40A4-A7A1-A9D9DE92D54F}.Release|Any CPU.Build.0 = Release|Any CPU
		{D629E5AE-0113-4615-B4ED-0621A6CB223B}.Debug|Any CPU.ActiveCfg = Debug|Any CPU
		{D629E5AE-0113-4615-B4ED-0621A6CB223B}.Debug|Any CPU.Build.0 = Debug|Any CPU
		{D629E5AE-0113-4615-B4ED-0621A6CB223B}.Release|Any CPU.ActiveCfg = Release|Any CPU
		{D629E5AE-0113-4615-B4ED-0621A6CB223B}.Release|Any CPU.Build.0 = Release|Any CPU
		{EE611641-2B4A-42EE-AAC6-DCE18FE614B9}.Debug|Any CPU.ActiveCfg = Debug|Any CPU
		{EE611641-2B4A-42EE-AAC6-DCE18FE614B9}.Debug|Any CPU.Build.0 = Debug|Any CPU
		{EE611641-2B4A-42EE-AAC6-DCE18FE614B9}.Release|Any CPU.ActiveCfg = Release|Any CPU
		{EE611641-2B4A-42EE-AAC6-DCE18FE614B9}.Release|Any CPU.Build.0 = Release|Any CPU
		{E4C371CC-7A29-400A-BEFF-3F7255672079}.Debug|Any CPU.ActiveCfg = Debug|Any CPU
		{E4C371CC-7A29-400A-BEFF-3F7255672079}.Debug|Any CPU.Build.0 = Debug|Any CPU
		{E4C371CC-7A29-400A-BEFF-3F7255672079}.Release|Any CPU.ActiveCfg = Release|Any CPU
		{E4C371CC-7A29-400A-BEFF-3F7255672079}.Release|Any CPU.Build.0 = Release|Any CPU
		{BFC5DF85-7021-46E9-B77B-AD65D024F97E}.Debug|Any CPU.ActiveCfg = Debug|Any CPU
		{BFC5DF85-7021-46E9-B77B-AD65D024F97E}.Debug|Any CPU.Build.0 = Debug|Any CPU
		{BFC5DF85-7021-46E9-B77B-AD65D024F97E}.Release|Any CPU.ActiveCfg = Release|Any CPU
		{BFC5DF85-7021-46E9-B77B-AD65D024F97E}.Release|Any CPU.Build.0 = Release|Any CPU
		{87672E1A-271A-496F-A5AE-F8CA662D5287}.Debug|Any CPU.ActiveCfg = Debug|Any CPU
		{87672E1A-271A-496F-A5AE-F8CA662D5287}.Debug|Any CPU.Build.0 = Debug|Any CPU
		{87672E1A-271A-496F-A5AE-F8CA662D5287}.Release|Any CPU.ActiveCfg = Release|Any CPU
		{87672E1A-271A-496F-A5AE-F8CA662D5287}.Release|Any CPU.Build.0 = Release|Any CPU
		{464E22E7-F0B6-4C5A-A4F5-2992E081D047}.Debug|Any CPU.ActiveCfg = Debug|Any CPU
		{464E22E7-F0B6-4C5A-A4F5-2992E081D047}.Debug|Any CPU.Build.0 = Debug|Any CPU
		{464E22E7-F0B6-4C5A-A4F5-2992E081D047}.Release|Any CPU.ActiveCfg = Release|Any CPU
		{464E22E7-F0B6-4C5A-A4F5-2992E081D047}.Release|Any CPU.Build.0 = Release|Any CPU
		{EED00B1C-DBD7-4BC7-8963-CBE927580DEE}.Debug|Any CPU.ActiveCfg = Debug|Any CPU
		{EED00B1C-DBD7-4BC7-8963-CBE927580DEE}.Debug|Any CPU.Build.0 = Debug|Any CPU
		{EED00B1C-DBD7-4BC7-8963-CBE927580DEE}.Release|Any CPU.ActiveCfg = Release|Any CPU
		{EED00B1C-DBD7-4BC7-8963-CBE927580DEE}.Release|Any CPU.Build.0 = Release|Any CPU
		{F3BB71C7-7BFA-409B-B95D-C9FB72FE1ECF}.Debug|Any CPU.ActiveCfg = Debug|Any CPU
		{F3BB71C7-7BFA-409B-B95D-C9FB72FE1ECF}.Debug|Any CPU.Build.0 = Debug|Any CPU
		{F3BB71C7-7BFA-409B-B95D-C9FB72FE1ECF}.Release|Any CPU.ActiveCfg = Release|Any CPU
		{F3BB71C7-7BFA-409B-B95D-C9FB72FE1ECF}.Release|Any CPU.Build.0 = Release|Any CPU
		{6529E34B-2EEC-449B-8C8C-A7A4A3E3219D}.Debug|Any CPU.ActiveCfg = Debug|Any CPU
		{6529E34B-2EEC-449B-8C8C-A7A4A3E3219D}.Debug|Any CPU.Build.0 = Debug|Any CPU
		{6529E34B-2EEC-449B-8C8C-A7A4A3E3219D}.Release|Any CPU.ActiveCfg = Release|Any CPU
		{6529E34B-2EEC-449B-8C8C-A7A4A3E3219D}.Release|Any CPU.Build.0 = Release|Any CPU
		{60AD4266-A2CB-4A11-9992-9CEF23FD3F63}.Debug|Any CPU.ActiveCfg = Debug|Any CPU
		{60AD4266-A2CB-4A11-9992-9CEF23FD3F63}.Debug|Any CPU.Build.0 = Debug|Any CPU
		{60AD4266-A2CB-4A11-9992-9CEF23FD3F63}.Release|Any CPU.ActiveCfg = Release|Any CPU
		{60AD4266-A2CB-4A11-9992-9CEF23FD3F63}.Release|Any CPU.Build.0 = Release|Any CPU
	EndGlobalSection
	GlobalSection(SolutionProperties) = preSolution
		HideSolutionNode = FALSE
	EndGlobalSection
	GlobalSection(NestedProjects) = preSolution
		{B9BAB181-6225-49C4-8DF0-3D53D41EED4F} = {EAEFB73F-CFB9-4824-9836-22EFC576C669}
		{53C72FD6-DC1E-42EB-B31B-DFF890AE3E99} = {EAEFB73F-CFB9-4824-9836-22EFC576C669}
		{32AA1E84-510C-4EE9-B4CB-342197C28329} = {EAEFB73F-CFB9-4824-9836-22EFC576C669}
		{B61CC317-CC3B-43BD-8A92-D126E1BBE6CA} = {EAEFB73F-CFB9-4824-9836-22EFC576C669}
		{49B395D5-4E9A-429B-BD54-69631608E638} = {EAEFB73F-CFB9-4824-9836-22EFC576C669}
		{8320E2DC-6B41-4199-97CF-128087F5D4B2} = {EAEFB73F-CFB9-4824-9836-22EFC576C669}
		{ECB06117-AD8B-44E0-8656-655966A00E94} = {EAEFB73F-CFB9-4824-9836-22EFC576C669}
		{27BFD93D-36F0-4DB2-A2F8-D1A5809806BF} = {EAEFB73F-CFB9-4824-9836-22EFC576C669}
		{3EE3DC21-48D0-47CB-887A-6D2C0D2C9A17} = {EAEFB73F-CFB9-4824-9836-22EFC576C669}
		{32B87302-3BF8-439B-A619-9E1CECC8906C} = {EAEFB73F-CFB9-4824-9836-22EFC576C669}
		{98395B03-D702-4FC4-8B6E-19EDB1267F1F} = {7A306FC3-5648-4A58-A8A9-2D5A555788A5}
		{5B57F078-DBA1-40EF-ACAA-6FFF688FCE63} = {7A306FC3-5648-4A58-A8A9-2D5A555788A5}
		{382E3F53-23AF-419C-A3F3-C10294EC4314} = {7A306FC3-5648-4A58-A8A9-2D5A555788A5}
		{0B4D4961-4E8A-4C67-BC41-E76F301AE72D} = {7A306FC3-5648-4A58-A8A9-2D5A555788A5}
		{EFE33C20-ABE6-4D67-9942-063DFF595ECE} = {640E3AFC-EF59-429C-A83F-7A636608D72F}
		{27109C20-7284-4555-846A-935DD10DF166} = {640E3AFC-EF59-429C-A83F-7A636608D72F}
		{69C44E3A-8ED1-4D70-9816-0A50B83620DC} = {640E3AFC-EF59-429C-A83F-7A636608D72F}
		{DE8E086F-ADE2-4F55-86BB-28E4F5F9AC10} = {640E3AFC-EF59-429C-A83F-7A636608D72F}
		{5F2F9FA5-BD09-4946-AE92-4356D316190A} = {640E3AFC-EF59-429C-A83F-7A636608D72F}
		{11F269DE-CFA2-451D-9A7C-3275C4D92903} = {640E3AFC-EF59-429C-A83F-7A636608D72F}
		{85AEE21D-6DE7-4B5E-ACA5-19B4D14558D1} = {640E3AFC-EF59-429C-A83F-7A636608D72F}
		{0E58ED31-84F7-4C68-A59A-E3FF0695F838} = {640E3AFC-EF59-429C-A83F-7A636608D72F}
		{6E830C4B-02F2-4D1E-8612-718FAA414E8C} = {640E3AFC-EF59-429C-A83F-7A636608D72F}
		{9E335364-411E-4073-8127-3A73D57CC49E} = {640E3AFC-EF59-429C-A83F-7A636608D72F}
		{3EB40009-263D-4F80-83B3-0E3FDD4AD040} = {640E3AFC-EF59-429C-A83F-7A636608D72F}
		{14706119-7B57-4D49-9021-9CA3372B2797} = {640E3AFC-EF59-429C-A83F-7A636608D72F}
		{1FF9265A-8E33-4E70-9D36-B9282C526AD3} = {640E3AFC-EF59-429C-A83F-7A636608D72F}
		{A9986C67-147C-462A-ABA8-14FDA1AFA6D3} = {640E3AFC-EF59-429C-A83F-7A636608D72F}
		{386249B1-56F0-492C-B9EB-1CDDB745BC1B} = {640E3AFC-EF59-429C-A83F-7A636608D72F}
		{7462DEFF-0D6F-4535-BCA7-E7FB73100FD9} = {640E3AFC-EF59-429C-A83F-7A636608D72F}
		{3618348A-55A6-45BB-AB7A-B0384FB10F11} = {640E3AFC-EF59-429C-A83F-7A636608D72F}
		{2B151451-9C25-4B47-8721-7CD9B5A6492C} = {640E3AFC-EF59-429C-A83F-7A636608D72F}
		{EC4A2D42-36D2-4873-91C8-BE360F60638B} = {640E3AFC-EF59-429C-A83F-7A636608D72F}
		{8D2E30E7-F9F5-4CBC-A15C-C2F0D5EA286E} = {640E3AFC-EF59-429C-A83F-7A636608D72F}
		{8E2CDE9A-F6E3-4E33-806A-F9EA3A05EEA9} = {640E3AFC-EF59-429C-A83F-7A636608D72F}
		{E43C22EE-891C-424D-AA89-21E771A36BEC} = {640E3AFC-EF59-429C-A83F-7A636608D72F}
		{5A5905BA-E3B0-4DF7-9305-D23D17EE21E5} = {640E3AFC-EF59-429C-A83F-7A636608D72F}
		{98BC34B0-B0A5-49F6-BA29-C21E17DAA7CA} = {FE43AFD7-5C5C-4ADE-BC40-200DBCA4F6E0}
		{947CF5E9-26F3-412B-B0BA-865EE645F200} = {F516CF1E-E4D6-4005-B14D-76BED9B27CCB}
		{D60EAAAF-C264-4494-A35C-F1EFB5DE44BA} = {DE56944B-1108-4AC4-BF70-18E501CC3B33}
		{2AF3680A-F604-4BE5-B3E4-5E7357C09C70} = {640E3AFC-EF59-429C-A83F-7A636608D72F}
		{EF1F2DEE-7C8B-4277-8FB7-B71D08E761DE} = {526A07D6-CEEC-4E5E-BBC1-F5E0169D06C6}
		{7A9F2A28-2C50-40A4-A7A1-A9D9DE92D54F} = {526A07D6-CEEC-4E5E-BBC1-F5E0169D06C6}
		{D629E5AE-0113-4615-B4ED-0621A6CB223B} = {526A07D6-CEEC-4E5E-BBC1-F5E0169D06C6}
		{EE611641-2B4A-42EE-AAC6-DCE18FE614B9} = {640E3AFC-EF59-429C-A83F-7A636608D72F}
		{E4C371CC-7A29-400A-BEFF-3F7255672079} = {640E3AFC-EF59-429C-A83F-7A636608D72F}
		{BFC5DF85-7021-46E9-B77B-AD65D024F97E} = {526A07D6-CEEC-4E5E-BBC1-F5E0169D06C6}
		{87672E1A-271A-496F-A5AE-F8CA662D5287} = {7A306FC3-5648-4A58-A8A9-2D5A555788A5}
		{464E22E7-F0B6-4C5A-A4F5-2992E081D047} = {7A306FC3-5648-4A58-A8A9-2D5A555788A5}
		{EED00B1C-DBD7-4BC7-8963-CBE927580DEE} = {7A306FC3-5648-4A58-A8A9-2D5A555788A5}
		{F3BB71C7-7BFA-409B-B95D-C9FB72FE1ECF} = {7A306FC3-5648-4A58-A8A9-2D5A555788A5}
		{6529E34B-2EEC-449B-8C8C-A7A4A3E3219D} = {7A306FC3-5648-4A58-A8A9-2D5A555788A5}
		{60AD4266-A2CB-4A11-9992-9CEF23FD3F63} = {E150AE83-6022-41DA-A446-EEB8FB0FCC60}
	EndGlobalSection
	GlobalSection(ExtensibilityGlobals) = postSolution
		SolutionGuid = {1A2B2FBA-F8DD-4351-B77F-12356B7EC8C9}
	EndGlobalSection
EndGlobal
