
Microsoft Visual Studio Solution File, Format Version 12.00
# Visual Studio Version 17
VisualStudioVersion = 17.6.33829.357
MinimumVisualStudioVersion = 10.0.40219.1
Project("{9A19103F-16F7-4668-BE54-9A1E7A4F7556}") = "TwoSum", "TwoSum\TwoSum.csproj", "{1AE42BEC-35CC-47B6-BEF3-D24273B50152}"
EndProject
Project("{9A19103F-16F7-4668-BE54-9A1E7A4F7556}") = "ValidParentheses", "ValidParentheses\ValidParentheses.csproj", "{73E49039-21E2-4C8E-9CAA-B49E591D8929}"
EndProject
Project("{9A19103F-16F7-4668-BE54-9A1E7A4F7556}") = "MergeTwoSortedLists", "MergeTwoSortedLists\MergeTwoSortedLists.csproj", "{7C721322-4D3F-46A8-BF37-F6240AE0DB7A}"
EndProject
Project("{9A19103F-16F7-4668-BE54-9A1E7A4F7556}") = "ContainsDuplicate", "ContainsDuplicate\ContainsDuplicate.csproj", "{6928E54A-C569-4F60-82CE-FAE374B95F1A}"
EndProject
Project("{9A19103F-16F7-4668-BE54-9A1E7A4F7556}") = "ValidAnagram", "ValidAnagram\ValidAnagram.csproj", "{6A3D006C-D4EC-4F8E-9EBE-4DB2837439DD}"
EndProject
Project("{9A19103F-16F7-4668-BE54-9A1E7A4F7556}") = "GroupAnagrams", "GroupAnagrams\GroupAnagrams.csproj", "{15011120-326D-41FB-BAF3-AA8546432F55}"
EndProject
Project("{9A19103F-16F7-4668-BE54-9A1E7A4F7556}") = "ValidPalindrome", "ValidPalindrome\ValidPalindrome.csproj", "{9819DF0F-FB8E-48AE-A40D-FFCED3E33999}"
EndProject
Project("{9A19103F-16F7-4668-BE54-9A1E7A4F7556}") = "TopKFrequentElements", "TopKFrequentElements\TopKFrequentElements.csproj", "{103F12F1-88CF-44A9-BF79-E4E6698B1BA6}"
EndProject
Project("{9A19103F-16F7-4668-BE54-9A1E7A4F7556}") = "ProductOfArrayExceptSelf", "ProductOfArrayExceptSelf\ProductOfArrayExceptSelf.csproj", "{C1083D8A-229A-4951-BE22-4FE5198C92E1}"
EndProject
Project("{FAE04EC0-301F-11D3-BF4B-00C04F79EFBC}") = "TwoSum-II-InputArrayIsSorted", "TwoSum-II-InputArrayIsSorted\TwoSum-II-InputArrayIsSorted.csproj", "{A4C89D0C-99F1-417F-AD98-2CEE8F80AE78}"
EndProject
Global
	GlobalSection(SolutionConfigurationPlatforms) = preSolution
		Debug|Any CPU = Debug|Any CPU
		Release|Any CPU = Release|Any CPU
	EndGlobalSection
	GlobalSection(ProjectConfigurationPlatforms) = postSolution
		{1AE42BEC-35CC-47B6-BEF3-D24273B50152}.Debug|Any CPU.ActiveCfg = Debug|Any CPU
		{1AE42BEC-35CC-47B6-BEF3-D24273B50152}.Debug|Any CPU.Build.0 = Debug|Any CPU
		{1AE42BEC-35CC-47B6-BEF3-D24273B50152}.Release|Any CPU.ActiveCfg = Release|Any CPU
		{1AE42BEC-35CC-47B6-BEF3-D24273B50152}.Release|Any CPU.Build.0 = Release|Any CPU
		{73E49039-21E2-4C8E-9CAA-B49E591D8929}.Debug|Any CPU.ActiveCfg = Debug|Any CPU
		{73E49039-21E2-4C8E-9CAA-B49E591D8929}.Debug|Any CPU.Build.0 = Debug|Any CPU
		{73E49039-21E2-4C8E-9CAA-B49E591D8929}.Release|Any CPU.ActiveCfg = Release|Any CPU
		{73E49039-21E2-4C8E-9CAA-B49E591D8929}.Release|Any CPU.Build.0 = Release|Any CPU
		{7C721322-4D3F-46A8-BF37-F6240AE0DB7A}.Debug|Any CPU.ActiveCfg = Debug|Any CPU
		{7C721322-4D3F-46A8-BF37-F6240AE0DB7A}.Debug|Any CPU.Build.0 = Debug|Any CPU
		{7C721322-4D3F-46A8-BF37-F6240AE0DB7A}.Release|Any CPU.ActiveCfg = Release|Any CPU
		{7C721322-4D3F-46A8-BF37-F6240AE0DB7A}.Release|Any CPU.Build.0 = Release|Any CPU
		{6928E54A-C569-4F60-82CE-FAE374B95F1A}.Debug|Any CPU.ActiveCfg = Debug|Any CPU
		{6928E54A-C569-4F60-82CE-FAE374B95F1A}.Debug|Any CPU.Build.0 = Debug|Any CPU
		{6928E54A-C569-4F60-82CE-FAE374B95F1A}.Release|Any CPU.ActiveCfg = Release|Any CPU
		{6928E54A-C569-4F60-82CE-FAE374B95F1A}.Release|Any CPU.Build.0 = Release|Any CPU
		{6A3D006C-D4EC-4F8E-9EBE-4DB2837439DD}.Debug|Any CPU.ActiveCfg = Debug|Any CPU
		{6A3D006C-D4EC-4F8E-9EBE-4DB2837439DD}.Debug|Any CPU.Build.0 = Debug|Any CPU
		{6A3D006C-D4EC-4F8E-9EBE-4DB2837439DD}.Release|Any CPU.ActiveCfg = Release|Any CPU
		{6A3D006C-D4EC-4F8E-9EBE-4DB2837439DD}.Release|Any CPU.Build.0 = Release|Any CPU
		{15011120-326D-41FB-BAF3-AA8546432F55}.Debug|Any CPU.ActiveCfg = Debug|Any CPU
		{15011120-326D-41FB-BAF3-AA8546432F55}.Debug|Any CPU.Build.0 = Debug|Any CPU
		{15011120-326D-41FB-BAF3-AA8546432F55}.Release|Any CPU.ActiveCfg = Release|Any CPU
		{15011120-326D-41FB-BAF3-AA8546432F55}.Release|Any CPU.Build.0 = Release|Any CPU
		{9819DF0F-FB8E-48AE-A40D-FFCED3E33999}.Debug|Any CPU.ActiveCfg = Debug|Any CPU
		{9819DF0F-FB8E-48AE-A40D-FFCED3E33999}.Debug|Any CPU.Build.0 = Debug|Any CPU
		{9819DF0F-FB8E-48AE-A40D-FFCED3E33999}.Release|Any CPU.ActiveCfg = Release|Any CPU
		{9819DF0F-FB8E-48AE-A40D-FFCED3E33999}.Release|Any CPU.Build.0 = Release|Any CPU
		{103F12F1-88CF-44A9-BF79-E4E6698B1BA6}.Debug|Any CPU.ActiveCfg = Debug|Any CPU
		{103F12F1-88CF-44A9-BF79-E4E6698B1BA6}.Debug|Any CPU.Build.0 = Debug|Any CPU
		{103F12F1-88CF-44A9-BF79-E4E6698B1BA6}.Release|Any CPU.ActiveCfg = Release|Any CPU
		{103F12F1-88CF-44A9-BF79-E4E6698B1BA6}.Release|Any CPU.Build.0 = Release|Any CPU
		{C1083D8A-229A-4951-BE22-4FE5198C92E1}.Debug|Any CPU.ActiveCfg = Debug|Any CPU
		{C1083D8A-229A-4951-BE22-4FE5198C92E1}.Debug|Any CPU.Build.0 = Debug|Any CPU
		{C1083D8A-229A-4951-BE22-4FE5198C92E1}.Release|Any CPU.ActiveCfg = Release|Any CPU
		{C1083D8A-229A-4951-BE22-4FE5198C92E1}.Release|Any CPU.Build.0 = Release|Any CPU
		{A4C89D0C-99F1-417F-AD98-2CEE8F80AE78}.Debug|Any CPU.ActiveCfg = Debug|Any CPU
		{A4C89D0C-99F1-417F-AD98-2CEE8F80AE78}.Debug|Any CPU.Build.0 = Debug|Any CPU
		{A4C89D0C-99F1-417F-AD98-2CEE8F80AE78}.Release|Any CPU.ActiveCfg = Release|Any CPU
		{A4C89D0C-99F1-417F-AD98-2CEE8F80AE78}.Release|Any CPU.Build.0 = Release|Any CPU
	EndGlobalSection
	GlobalSection(SolutionProperties) = preSolution
		HideSolutionNode = FALSE
	EndGlobalSection
	GlobalSection(ExtensibilityGlobals) = postSolution
		SolutionGuid = {E2EA91A0-3365-4E54-8C7B-7883876483A3}
	EndGlobalSection
EndGlobal
