
Microsoft Visual Studio Solution File, Format Version 12.00
# Visual Studio Version 17
VisualStudioVersion = 17.0.31521.260
MinimumVisualStudioVersion = 10.0.40219.1
Project("{9A19103F-16F7-4668-BE54-9A1E7A4F7556}") = "SalesByMatch", "Warmup\SalesByMatch\SalesByMatch.csproj", "{B9BAB181-6225-49C4-8DF0-3D53D41EED4F}"
EndProject
Project("{9A19103F-16F7-4668-BE54-9A1E7A4F7556}") = "CountingValeys", "Warmup\CountingValeys\CountingValeys.csproj", "{53C72FD6-DC1E-42EB-B31B-DFF890AE3E99}"
EndProject
Project("{9A19103F-16F7-4668-BE54-9A1E7A4F7556}") = "JumpingOnTheClouds", "Warmup\JumpingOnTheClouds\JumpingOnTheClouds.csproj", "{32AA1E84-510C-4EE9-B4CB-342197C28329}"
EndProject
Project("{9A19103F-16F7-4668-BE54-9A1E7A4F7556}") = "RepeatedString", "Warmup\RepeatedString\RepeatedString.csproj", "{B61CC317-CC3B-43BD-8A92-D126E1BBE6CA}"
EndProject
Project("{9A19103F-16F7-4668-BE54-9A1E7A4F7556}") = "DiagonalDifference", "Warmup\DiagonalDifference\DiagonalDifference.csproj", "{49B395D5-4E9A-429B-BD54-69631608E638}"
EndProject
Project("{9A19103F-16F7-4668-BE54-9A1E7A4F7556}") = "Staircase", "Warmup\Staircase\Staircase.csproj", "{8320E2DC-6B41-4199-97CF-128087F5D4B2}"
EndProject
Project("{9A19103F-16F7-4668-BE54-9A1E7A4F7556}") = "PlusMinus", "Warmup\PlusMinus\PlusMinus.csproj", "{ECB06117-AD8B-44E0-8656-655966A00E94}"
EndProject
Project("{9A19103F-16F7-4668-BE54-9A1E7A4F7556}") = "MiniMaxSum", "Warmup\MiniMaxSum\MiniMaxSum.csproj", "{27BFD93D-36F0-4DB2-A2F8-D1A5809806BF}"
EndProject
Project("{9A19103F-16F7-4668-BE54-9A1E7A4F7556}") = "BirthdayCakeCandles", "Warmup\BirthdayCakeCandles\BirthdayCakeCandles.csproj", "{3EE3DC21-48D0-47CB-887A-6D2C0D2C9A17}"
EndProject
Project("{9A19103F-16F7-4668-BE54-9A1E7A4F7556}") = "TimeConversion", "Warmup\TimeConversion\TimeConversion.csproj", "{32B87302-3BF8-439B-A619-9E1CECC8906C}"
EndProject
Project("{2150E333-8FDC-42A3-9474-1A3956D46DE8}") = "Strings", "Strings", "{7A306FC3-5648-4A58-A8A9-2D5A555788A5}"
EndProject
Project("{9A19103F-16F7-4668-BE54-9A1E7A4F7556}") = "CamelCase", "Strings\CamelCase\CamelCase.csproj", "{98395B03-D702-4FC4-8B6E-19EDB1267F1F}"
EndProject
Project("{9A19103F-16F7-4668-BE54-9A1E7A4F7556}") = "StrongPassword", "Strings\StrongPassword\StrongPassword.csproj", "{5B57F078-DBA1-40EF-ACAA-6FFF688FCE63}"
EndProject
Project("{9A19103F-16F7-4668-BE54-9A1E7A4F7556}") = "TwoCharacters", "Strings\TwoCharacters\TwoCharacters.csproj", "{382E3F53-23AF-419C-A3F3-C10294EC4314}"
EndProject
Project("{9A19103F-16F7-4668-BE54-9A1E7A4F7556}") = "CaesarCipher", "Strings\CaesarCipher\CaesarCipher.csproj", "{0B4D4961-4E8A-4C67-BC41-E76F301AE72D}"
EndProject
Project("{2150E333-8FDC-42A3-9474-1A3956D46DE8}") = "Warmup", "Warmup", "{EAEFB73F-CFB9-4824-9836-22EFC576C669}"
EndProject
Project("{2150E333-8FDC-42A3-9474-1A3956D46DE8}") = "Implementation", "Implementation", "{640E3AFC-EF59-429C-A83F-7A636608D72F}"
EndProject
Project("{9A19103F-16F7-4668-BE54-9A1E7A4F7556}") = "GradingStudents", "Implementation\GradingStudents\GradingStudents.csproj", "{EFE33C20-ABE6-4D67-9942-063DFF595ECE}"
EndProject
Project("{9A19103F-16F7-4668-BE54-9A1E7A4F7556}") = "AppleAndOrange", "Implementation\AppleAndOrange\AppleAndOrange.csproj", "{27109C20-7284-4555-846A-935DD10DF166}"
EndProject
Project("{9A19103F-16F7-4668-BE54-9A1E7A4F7556}") = "NumberLinesJump", "Implementation\NumberLinesJump\NumberLinesJump.csproj", "{69C44E3A-8ED1-4D70-9816-0A50B83620DC}"
EndProject
Project("{9A19103F-16F7-4668-BE54-9A1E7A4F7556}") = "BetweenTwoSets", "Implementation\BetweenTwoSets\BetweenTwoSets.csproj", "{DE8E086F-ADE2-4F55-86BB-28E4F5F9AC10}"
EndProject
Project("{9A19103F-16F7-4668-BE54-9A1E7A4F7556}") = "BreakingTheRecords", "Implementation\BreakingTheRecords\BreakingTheRecords.csproj", "{5F2F9FA5-BD09-4946-AE92-4356D316190A}"
EndProject
Project("{9A19103F-16F7-4668-BE54-9A1E7A4F7556}") = "SubarrayDivision", "Implementation\SubarrayDivision\SubarrayDivision.csproj", "{11F269DE-CFA2-451D-9A7C-3275C4D92903}"
EndProject
Project("{9A19103F-16F7-4668-BE54-9A1E7A4F7556}") = "DivisibleSumPairs", "Implementation\DivisibleSumPairs\DivisibleSumPairs.csproj", "{85AEE21D-6DE7-4B5E-ACA5-19B4D14558D1}"
EndProject
Project("{9A19103F-16F7-4668-BE54-9A1E7A4F7556}") = "MigratoryBirds", "Implementation\MigratoryBirds\MigratoryBirds.csproj", "{0E58ED31-84F7-4C68-A59A-E3FF0695F838}"
EndProject
Project("{9A19103F-16F7-4668-BE54-9A1E7A4F7556}") = "DayOfTheProgrammer", "Implementation\DayOfTheProgrammer\DayOfTheProgrammer.csproj", "{6E830C4B-02F2-4D1E-8612-718FAA414E8C}"
EndProject
Project("{9A19103F-16F7-4668-BE54-9A1E7A4F7556}") = "BillDivision", "Implementation\BillDivision\BillDivision.csproj", "{9E335364-411E-4073-8127-3A73D57CC49E}"
EndProject
Project("{9A19103F-16F7-4668-BE54-9A1E7A4F7556}") = "SalesByMatch", "Implementation\SalesByMatch\SalesByMatch.csproj", "{3EB40009-263D-4F80-83B3-0E3FDD4AD040}"
EndProject
Project("{9A19103F-16F7-4668-BE54-9A1E7A4F7556}") = "DrawingBook", "Implementation\DrawingBook\DrawingBook.csproj", "{14706119-7B57-4D49-9021-9CA3372B2797}"
EndProject
Project("{9A19103F-16F7-4668-BE54-9A1E7A4F7556}") = "CountingValleys", "Implementation\CountingValleys\CountingValleys.csproj", "{1FF9265A-8E33-4E70-9D36-B9282C526AD3}"
EndProject
Project("{9A19103F-16F7-4668-BE54-9A1E7A4F7556}") = "ElectronicsShop", "Implementation\ElectronicsShop\ElectronicsShop.csproj", "{A9986C67-147C-462A-ABA8-14FDA1AFA6D3}"
EndProject
Project("{9A19103F-16F7-4668-BE54-9A1E7A4F7556}") = "CatAndAMouse", "Implementation\CatAndAMouse\CatAndAMouse.csproj", "{386249B1-56F0-492C-B9EB-1CDDB745BC1B}"
EndProject
Project("{9A19103F-16F7-4668-BE54-9A1E7A4F7556}") = "FormingAMagicSquare", "Implementation\FormingAMagicSquare\FormingAMagicSquare.csproj", "{7462DEFF-0D6F-4535-BCA7-E7FB73100FD9}"
EndProject
Project("{9A19103F-16F7-4668-BE54-9A1E7A4F7556}") = "PickingNumbers", "Implementation\PickingNumbers\PickingNumbers.csproj", "{3618348A-55A6-45BB-AB7A-B0384FB10F11}"
EndProject
Project("{9A19103F-16F7-4668-BE54-9A1E7A4F7556}") = "ClimbingTheLeaderboard", "Implementation\ClimbingTheLeaderboard\ClimbingTheLeaderboard.csproj", "{2B151451-9C25-4B47-8721-7CD9B5A6492C}"
EndProject
Project("{9A19103F-16F7-4668-BE54-9A1E7A4F7556}") = "TheHurdleRace", "Implementation\TheHurdleRace\TheHurdleRace.csproj", "{EC4A2D42-36D2-4873-91C8-BE360F60638B}"
EndProject
Project("{FAE04EC0-301F-11D3-BF4B-00C04F79EFBC}") = "DesignerPDFViewer", "Implementation\DesignerPDFViewer\DesignerPDFViewer.csproj", "{8D2E30E7-F9F5-4CBC-A15C-C2F0D5EA286E}"
EndProject
Global
	GlobalSection(SolutionConfigurationPlatforms) = preSolution
		Debug|Any CPU = Debug|Any CPU
		Release|Any CPU = Release|Any CPU
	EndGlobalSection
	GlobalSection(ProjectConfigurationPlatforms) = postSolution
		{B9BAB181-6225-49C4-8DF0-3D53D41EED4F}.Debug|Any CPU.ActiveCfg = Debug|Any CPU
		{B9BAB181-6225-49C4-8DF0-3D53D41EED4F}.Debug|Any CPU.Build.0 = Debug|Any CPU
		{B9BAB181-6225-49C4-8DF0-3D53D41EED4F}.Release|Any CPU.ActiveCfg = Release|Any CPU
		{B9BAB181-6225-49C4-8DF0-3D53D41EED4F}.Release|Any CPU.Build.0 = Release|Any CPU
		{53C72FD6-DC1E-42EB-B31B-DFF890AE3E99}.Debug|Any CPU.ActiveCfg = Debug|Any CPU
		{53C72FD6-DC1E-42EB-B31B-DFF890AE3E99}.Debug|Any CPU.Build.0 = Debug|Any CPU
		{53C72FD6-DC1E-42EB-B31B-DFF890AE3E99}.Release|Any CPU.ActiveCfg = Release|Any CPU
		{53C72FD6-DC1E-42EB-B31B-DFF890AE3E99}.Release|Any CPU.Build.0 = Release|Any CPU
		{32AA1E84-510C-4EE9-B4CB-342197C28329}.Debug|Any CPU.ActiveCfg = Debug|Any CPU
		{32AA1E84-510C-4EE9-B4CB-342197C28329}.Debug|Any CPU.Build.0 = Debug|Any CPU
		{32AA1E84-510C-4EE9-B4CB-342197C28329}.Release|Any CPU.ActiveCfg = Release|Any CPU
		{32AA1E84-510C-4EE9-B4CB-342197C28329}.Release|Any CPU.Build.0 = Release|Any CPU
		{B61CC317-CC3B-43BD-8A92-D126E1BBE6CA}.Debug|Any CPU.ActiveCfg = Debug|Any CPU
		{B61CC317-CC3B-43BD-8A92-D126E1BBE6CA}.Debug|Any CPU.Build.0 = Debug|Any CPU
		{B61CC317-CC3B-43BD-8A92-D126E1BBE6CA}.Release|Any CPU.ActiveCfg = Release|Any CPU
		{B61CC317-CC3B-43BD-8A92-D126E1BBE6CA}.Release|Any CPU.Build.0 = Release|Any CPU
		{49B395D5-4E9A-429B-BD54-69631608E638}.Debug|Any CPU.ActiveCfg = Debug|Any CPU
		{49B395D5-4E9A-429B-BD54-69631608E638}.Debug|Any CPU.Build.0 = Debug|Any CPU
		{49B395D5-4E9A-429B-BD54-69631608E638}.Release|Any CPU.ActiveCfg = Release|Any CPU
		{49B395D5-4E9A-429B-BD54-69631608E638}.Release|Any CPU.Build.0 = Release|Any CPU
		{8320E2DC-6B41-4199-97CF-128087F5D4B2}.Debug|Any CPU.ActiveCfg = Debug|Any CPU
		{8320E2DC-6B41-4199-97CF-128087F5D4B2}.Debug|Any CPU.Build.0 = Debug|Any CPU
		{8320E2DC-6B41-4199-97CF-128087F5D4B2}.Release|Any CPU.ActiveCfg = Release|Any CPU
		{8320E2DC-6B41-4199-97CF-128087F5D4B2}.Release|Any CPU.Build.0 = Release|Any CPU
		{ECB06117-AD8B-44E0-8656-655966A00E94}.Debug|Any CPU.ActiveCfg = Debug|Any CPU
		{ECB06117-AD8B-44E0-8656-655966A00E94}.Debug|Any CPU.Build.0 = Debug|Any CPU
		{ECB06117-AD8B-44E0-8656-655966A00E94}.Release|Any CPU.ActiveCfg = Release|Any CPU
		{ECB06117-AD8B-44E0-8656-655966A00E94}.Release|Any CPU.Build.0 = Release|Any CPU
		{27BFD93D-36F0-4DB2-A2F8-D1A5809806BF}.Debug|Any CPU.ActiveCfg = Debug|Any CPU
		{27BFD93D-36F0-4DB2-A2F8-D1A5809806BF}.Debug|Any CPU.Build.0 = Debug|Any CPU
		{27BFD93D-36F0-4DB2-A2F8-D1A5809806BF}.Release|Any CPU.ActiveCfg = Release|Any CPU
		{27BFD93D-36F0-4DB2-A2F8-D1A5809806BF}.Release|Any CPU.Build.0 = Release|Any CPU
		{3EE3DC21-48D0-47CB-887A-6D2C0D2C9A17}.Debug|Any CPU.ActiveCfg = Debug|Any CPU
		{3EE3DC21-48D0-47CB-887A-6D2C0D2C9A17}.Debug|Any CPU.Build.0 = Debug|Any CPU
		{3EE3DC21-48D0-47CB-887A-6D2C0D2C9A17}.Release|Any CPU.ActiveCfg = Release|Any CPU
		{3EE3DC21-48D0-47CB-887A-6D2C0D2C9A17}.Release|Any CPU.Build.0 = Release|Any CPU
		{32B87302-3BF8-439B-A619-9E1CECC8906C}.Debug|Any CPU.ActiveCfg = Debug|Any CPU
		{32B87302-3BF8-439B-A619-9E1CECC8906C}.Debug|Any CPU.Build.0 = Debug|Any CPU
		{32B87302-3BF8-439B-A619-9E1CECC8906C}.Release|Any CPU.ActiveCfg = Release|Any CPU
		{32B87302-3BF8-439B-A619-9E1CECC8906C}.Release|Any CPU.Build.0 = Release|Any CPU
		{98395B03-D702-4FC4-8B6E-19EDB1267F1F}.Debug|Any CPU.ActiveCfg = Debug|Any CPU
		{98395B03-D702-4FC4-8B6E-19EDB1267F1F}.Debug|Any CPU.Build.0 = Debug|Any CPU
		{98395B03-D702-4FC4-8B6E-19EDB1267F1F}.Release|Any CPU.ActiveCfg = Release|Any CPU
		{98395B03-D702-4FC4-8B6E-19EDB1267F1F}.Release|Any CPU.Build.0 = Release|Any CPU
		{5B57F078-DBA1-40EF-ACAA-6FFF688FCE63}.Debug|Any CPU.ActiveCfg = Debug|Any CPU
		{5B57F078-DBA1-40EF-ACAA-6FFF688FCE63}.Debug|Any CPU.Build.0 = Debug|Any CPU
		{5B57F078-DBA1-40EF-ACAA-6FFF688FCE63}.Release|Any CPU.ActiveCfg = Release|Any CPU
		{5B57F078-DBA1-40EF-ACAA-6FFF688FCE63}.Release|Any CPU.Build.0 = Release|Any CPU
		{382E3F53-23AF-419C-A3F3-C10294EC4314}.Debug|Any CPU.ActiveCfg = Debug|Any CPU
		{382E3F53-23AF-419C-A3F3-C10294EC4314}.Debug|Any CPU.Build.0 = Debug|Any CPU
		{382E3F53-23AF-419C-A3F3-C10294EC4314}.Release|Any CPU.ActiveCfg = Release|Any CPU
		{382E3F53-23AF-419C-A3F3-C10294EC4314}.Release|Any CPU.Build.0 = Release|Any CPU
		{0B4D4961-4E8A-4C67-BC41-E76F301AE72D}.Debug|Any CPU.ActiveCfg = Debug|Any CPU
		{0B4D4961-4E8A-4C67-BC41-E76F301AE72D}.Debug|Any CPU.Build.0 = Debug|Any CPU
		{0B4D4961-4E8A-4C67-BC41-E76F301AE72D}.Release|Any CPU.ActiveCfg = Release|Any CPU
		{0B4D4961-4E8A-4C67-BC41-E76F301AE72D}.Release|Any CPU.Build.0 = Release|Any CPU
		{EFE33C20-ABE6-4D67-9942-063DFF595ECE}.Debug|Any CPU.ActiveCfg = Debug|Any CPU
		{EFE33C20-ABE6-4D67-9942-063DFF595ECE}.Debug|Any CPU.Build.0 = Debug|Any CPU
		{EFE33C20-ABE6-4D67-9942-063DFF595ECE}.Release|Any CPU.ActiveCfg = Release|Any CPU
		{EFE33C20-ABE6-4D67-9942-063DFF595ECE}.Release|Any CPU.Build.0 = Release|Any CPU
		{27109C20-7284-4555-846A-935DD10DF166}.Debug|Any CPU.ActiveCfg = Debug|Any CPU
		{27109C20-7284-4555-846A-935DD10DF166}.Debug|Any CPU.Build.0 = Debug|Any CPU
		{27109C20-7284-4555-846A-935DD10DF166}.Release|Any CPU.ActiveCfg = Release|Any CPU
		{27109C20-7284-4555-846A-935DD10DF166}.Release|Any CPU.Build.0 = Release|Any CPU
		{69C44E3A-8ED1-4D70-9816-0A50B83620DC}.Debug|Any CPU.ActiveCfg = Debug|Any CPU
		{69C44E3A-8ED1-4D70-9816-0A50B83620DC}.Debug|Any CPU.Build.0 = Debug|Any CPU
		{69C44E3A-8ED1-4D70-9816-0A50B83620DC}.Release|Any CPU.ActiveCfg = Release|Any CPU
		{69C44E3A-8ED1-4D70-9816-0A50B83620DC}.Release|Any CPU.Build.0 = Release|Any CPU
		{DE8E086F-ADE2-4F55-86BB-28E4F5F9AC10}.Debug|Any CPU.ActiveCfg = Debug|Any CPU
		{DE8E086F-ADE2-4F55-86BB-28E4F5F9AC10}.Debug|Any CPU.Build.0 = Debug|Any CPU
		{DE8E086F-ADE2-4F55-86BB-28E4F5F9AC10}.Release|Any CPU.ActiveCfg = Release|Any CPU
		{DE8E086F-ADE2-4F55-86BB-28E4F5F9AC10}.Release|Any CPU.Build.0 = Release|Any CPU
		{5F2F9FA5-BD09-4946-AE92-4356D316190A}.Debug|Any CPU.ActiveCfg = Debug|Any CPU
		{5F2F9FA5-BD09-4946-AE92-4356D316190A}.Debug|Any CPU.Build.0 = Debug|Any CPU
		{5F2F9FA5-BD09-4946-AE92-4356D316190A}.Release|Any CPU.ActiveCfg = Release|Any CPU
		{5F2F9FA5-BD09-4946-AE92-4356D316190A}.Release|Any CPU.Build.0 = Release|Any CPU
		{11F269DE-CFA2-451D-9A7C-3275C4D92903}.Debug|Any CPU.ActiveCfg = Debug|Any CPU
		{11F269DE-CFA2-451D-9A7C-3275C4D92903}.Debug|Any CPU.Build.0 = Debug|Any CPU
		{11F269DE-CFA2-451D-9A7C-3275C4D92903}.Release|Any CPU.ActiveCfg = Release|Any CPU
		{11F269DE-CFA2-451D-9A7C-3275C4D92903}.Release|Any CPU.Build.0 = Release|Any CPU
		{85AEE21D-6DE7-4B5E-ACA5-19B4D14558D1}.Debug|Any CPU.ActiveCfg = Debug|Any CPU
		{85AEE21D-6DE7-4B5E-ACA5-19B4D14558D1}.Debug|Any CPU.Build.0 = Debug|Any CPU
		{85AEE21D-6DE7-4B5E-ACA5-19B4D14558D1}.Release|Any CPU.ActiveCfg = Release|Any CPU
		{85AEE21D-6DE7-4B5E-ACA5-19B4D14558D1}.Release|Any CPU.Build.0 = Release|Any CPU
		{0E58ED31-84F7-4C68-A59A-E3FF0695F838}.Debug|Any CPU.ActiveCfg = Debug|Any CPU
		{0E58ED31-84F7-4C68-A59A-E3FF0695F838}.Debug|Any CPU.Build.0 = Debug|Any CPU
		{0E58ED31-84F7-4C68-A59A-E3FF0695F838}.Release|Any CPU.ActiveCfg = Release|Any CPU
		{0E58ED31-84F7-4C68-A59A-E3FF0695F838}.Release|Any CPU.Build.0 = Release|Any CPU
		{6E830C4B-02F2-4D1E-8612-718FAA414E8C}.Debug|Any CPU.ActiveCfg = Debug|Any CPU
		{6E830C4B-02F2-4D1E-8612-718FAA414E8C}.Debug|Any CPU.Build.0 = Debug|Any CPU
		{6E830C4B-02F2-4D1E-8612-718FAA414E8C}.Release|Any CPU.ActiveCfg = Release|Any CPU
		{6E830C4B-02F2-4D1E-8612-718FAA414E8C}.Release|Any CPU.Build.0 = Release|Any CPU
		{9E335364-411E-4073-8127-3A73D57CC49E}.Debug|Any CPU.ActiveCfg = Debug|Any CPU
		{9E335364-411E-4073-8127-3A73D57CC49E}.Debug|Any CPU.Build.0 = Debug|Any CPU
		{9E335364-411E-4073-8127-3A73D57CC49E}.Release|Any CPU.ActiveCfg = Release|Any CPU
		{9E335364-411E-4073-8127-3A73D57CC49E}.Release|Any CPU.Build.0 = Release|Any CPU
		{3EB40009-263D-4F80-83B3-0E3FDD4AD040}.Debug|Any CPU.ActiveCfg = Debug|Any CPU
		{3EB40009-263D-4F80-83B3-0E3FDD4AD040}.Debug|Any CPU.Build.0 = Debug|Any CPU
		{3EB40009-263D-4F80-83B3-0E3FDD4AD040}.Release|Any CPU.ActiveCfg = Release|Any CPU
		{3EB40009-263D-4F80-83B3-0E3FDD4AD040}.Release|Any CPU.Build.0 = Release|Any CPU
		{14706119-7B57-4D49-9021-9CA3372B2797}.Debug|Any CPU.ActiveCfg = Debug|Any CPU
		{14706119-7B57-4D49-9021-9CA3372B2797}.Debug|Any CPU.Build.0 = Debug|Any CPU
		{14706119-7B57-4D49-9021-9CA3372B2797}.Release|Any CPU.ActiveCfg = Release|Any CPU
		{14706119-7B57-4D49-9021-9CA3372B2797}.Release|Any CPU.Build.0 = Release|Any CPU
		{1FF9265A-8E33-4E70-9D36-B9282C526AD3}.Debug|Any CPU.ActiveCfg = Debug|Any CPU
		{1FF9265A-8E33-4E70-9D36-B9282C526AD3}.Debug|Any CPU.Build.0 = Debug|Any CPU
		{1FF9265A-8E33-4E70-9D36-B9282C526AD3}.Release|Any CPU.ActiveCfg = Release|Any CPU
		{1FF9265A-8E33-4E70-9D36-B9282C526AD3}.Release|Any CPU.Build.0 = Release|Any CPU
		{A9986C67-147C-462A-ABA8-14FDA1AFA6D3}.Debug|Any CPU.ActiveCfg = Debug|Any CPU
		{A9986C67-147C-462A-ABA8-14FDA1AFA6D3}.Debug|Any CPU.Build.0 = Debug|Any CPU
		{A9986C67-147C-462A-ABA8-14FDA1AFA6D3}.Release|Any CPU.ActiveCfg = Release|Any CPU
		{A9986C67-147C-462A-ABA8-14FDA1AFA6D3}.Release|Any CPU.Build.0 = Release|Any CPU
		{386249B1-56F0-492C-B9EB-1CDDB745BC1B}.Debug|Any CPU.ActiveCfg = Debug|Any CPU
		{386249B1-56F0-492C-B9EB-1CDDB745BC1B}.Debug|Any CPU.Build.0 = Debug|Any CPU
		{386249B1-56F0-492C-B9EB-1CDDB745BC1B}.Release|Any CPU.ActiveCfg = Release|Any CPU
		{386249B1-56F0-492C-B9EB-1CDDB745BC1B}.Release|Any CPU.Build.0 = Release|Any CPU
		{7462DEFF-0D6F-4535-BCA7-E7FB73100FD9}.Debug|Any CPU.ActiveCfg = Debug|Any CPU
		{7462DEFF-0D6F-4535-BCA7-E7FB73100FD9}.Debug|Any CPU.Build.0 = Debug|Any CPU
		{7462DEFF-0D6F-4535-BCA7-E7FB73100FD9}.Release|Any CPU.ActiveCfg = Release|Any CPU
		{7462DEFF-0D6F-4535-BCA7-E7FB73100FD9}.Release|Any CPU.Build.0 = Release|Any CPU
		{3618348A-55A6-45BB-AB7A-B0384FB10F11}.Debug|Any CPU.ActiveCfg = Debug|Any CPU
		{3618348A-55A6-45BB-AB7A-B0384FB10F11}.Debug|Any CPU.Build.0 = Debug|Any CPU
		{3618348A-55A6-45BB-AB7A-B0384FB10F11}.Release|Any CPU.ActiveCfg = Release|Any CPU
		{3618348A-55A6-45BB-AB7A-B0384FB10F11}.Release|Any CPU.Build.0 = Release|Any CPU
		{2B151451-9C25-4B47-8721-7CD9B5A6492C}.Debug|Any CPU.ActiveCfg = Debug|Any CPU
		{2B151451-9C25-4B47-8721-7CD9B5A6492C}.Debug|Any CPU.Build.0 = Debug|Any CPU
		{2B151451-9C25-4B47-8721-7CD9B5A6492C}.Release|Any CPU.ActiveCfg = Release|Any CPU
		{2B151451-9C25-4B47-8721-7CD9B5A6492C}.Release|Any CPU.Build.0 = Release|Any CPU
		{EC4A2D42-36D2-4873-91C8-BE360F60638B}.Debug|Any CPU.ActiveCfg = Debug|Any CPU
		{EC4A2D42-36D2-4873-91C8-BE360F60638B}.Debug|Any CPU.Build.0 = Debug|Any CPU
		{EC4A2D42-36D2-4873-91C8-BE360F60638B}.Release|Any CPU.ActiveCfg = Release|Any CPU
		{EC4A2D42-36D2-4873-91C8-BE360F60638B}.Release|Any CPU.Build.0 = Release|Any CPU
		{8D2E30E7-F9F5-4CBC-A15C-C2F0D5EA286E}.Debug|Any CPU.ActiveCfg = Debug|Any CPU
		{8D2E30E7-F9F5-4CBC-A15C-C2F0D5EA286E}.Debug|Any CPU.Build.0 = Debug|Any CPU
		{8D2E30E7-F9F5-4CBC-A15C-C2F0D5EA286E}.Release|Any CPU.ActiveCfg = Release|Any CPU
		{8D2E30E7-F9F5-4CBC-A15C-C2F0D5EA286E}.Release|Any CPU.Build.0 = Release|Any CPU
	EndGlobalSection
	GlobalSection(SolutionProperties) = preSolution
		HideSolutionNode = FALSE
	EndGlobalSection
	GlobalSection(NestedProjects) = preSolution
		{B9BAB181-6225-49C4-8DF0-3D53D41EED4F} = {EAEFB73F-CFB9-4824-9836-22EFC576C669}
		{53C72FD6-DC1E-42EB-B31B-DFF890AE3E99} = {EAEFB73F-CFB9-4824-9836-22EFC576C669}
		{32AA1E84-510C-4EE9-B4CB-342197C28329} = {EAEFB73F-CFB9-4824-9836-22EFC576C669}
		{B61CC317-CC3B-43BD-8A92-D126E1BBE6CA} = {EAEFB73F-CFB9-4824-9836-22EFC576C669}
		{49B395D5-4E9A-429B-BD54-69631608E638} = {EAEFB73F-CFB9-4824-9836-22EFC576C669}
		{8320E2DC-6B41-4199-97CF-128087F5D4B2} = {EAEFB73F-CFB9-4824-9836-22EFC576C669}
		{ECB06117-AD8B-44E0-8656-655966A00E94} = {EAEFB73F-CFB9-4824-9836-22EFC576C669}
		{27BFD93D-36F0-4DB2-A2F8-D1A5809806BF} = {EAEFB73F-CFB9-4824-9836-22EFC576C669}
		{3EE3DC21-48D0-47CB-887A-6D2C0D2C9A17} = {EAEFB73F-CFB9-4824-9836-22EFC576C669}
		{32B87302-3BF8-439B-A619-9E1CECC8906C} = {EAEFB73F-CFB9-4824-9836-22EFC576C669}
		{98395B03-D702-4FC4-8B6E-19EDB1267F1F} = {7A306FC3-5648-4A58-A8A9-2D5A555788A5}
		{5B57F078-DBA1-40EF-ACAA-6FFF688FCE63} = {7A306FC3-5648-4A58-A8A9-2D5A555788A5}
		{382E3F53-23AF-419C-A3F3-C10294EC4314} = {7A306FC3-5648-4A58-A8A9-2D5A555788A5}
		{0B4D4961-4E8A-4C67-BC41-E76F301AE72D} = {7A306FC3-5648-4A58-A8A9-2D5A555788A5}
		{EFE33C20-ABE6-4D67-9942-063DFF595ECE} = {640E3AFC-EF59-429C-A83F-7A636608D72F}
		{27109C20-7284-4555-846A-935DD10DF166} = {640E3AFC-EF59-429C-A83F-7A636608D72F}
		{69C44E3A-8ED1-4D70-9816-0A50B83620DC} = {640E3AFC-EF59-429C-A83F-7A636608D72F}
		{DE8E086F-ADE2-4F55-86BB-28E4F5F9AC10} = {640E3AFC-EF59-429C-A83F-7A636608D72F}
		{5F2F9FA5-BD09-4946-AE92-4356D316190A} = {640E3AFC-EF59-429C-A83F-7A636608D72F}
		{11F269DE-CFA2-451D-9A7C-3275C4D92903} = {640E3AFC-EF59-429C-A83F-7A636608D72F}
		{85AEE21D-6DE7-4B5E-ACA5-19B4D14558D1} = {640E3AFC-EF59-429C-A83F-7A636608D72F}
		{0E58ED31-84F7-4C68-A59A-E3FF0695F838} = {640E3AFC-EF59-429C-A83F-7A636608D72F}
		{6E830C4B-02F2-4D1E-8612-718FAA414E8C} = {640E3AFC-EF59-429C-A83F-7A636608D72F}
		{9E335364-411E-4073-8127-3A73D57CC49E} = {640E3AFC-EF59-429C-A83F-7A636608D72F}
		{3EB40009-263D-4F80-83B3-0E3FDD4AD040} = {640E3AFC-EF59-429C-A83F-7A636608D72F}
		{14706119-7B57-4D49-9021-9CA3372B2797} = {640E3AFC-EF59-429C-A83F-7A636608D72F}
		{1FF9265A-8E33-4E70-9D36-B9282C526AD3} = {640E3AFC-EF59-429C-A83F-7A636608D72F}
		{A9986C67-147C-462A-ABA8-14FDA1AFA6D3} = {640E3AFC-EF59-429C-A83F-7A636608D72F}
		{386249B1-56F0-492C-B9EB-1CDDB745BC1B} = {640E3AFC-EF59-429C-A83F-7A636608D72F}
		{7462DEFF-0D6F-4535-BCA7-E7FB73100FD9} = {640E3AFC-EF59-429C-A83F-7A636608D72F}
		{3618348A-55A6-45BB-AB7A-B0384FB10F11} = {640E3AFC-EF59-429C-A83F-7A636608D72F}
		{2B151451-9C25-4B47-8721-7CD9B5A6492C} = {640E3AFC-EF59-429C-A83F-7A636608D72F}
		{EC4A2D42-36D2-4873-91C8-BE360F60638B} = {640E3AFC-EF59-429C-A83F-7A636608D72F}
		{8D2E30E7-F9F5-4CBC-A15C-C2F0D5EA286E} = {640E3AFC-EF59-429C-A83F-7A636608D72F}
	EndGlobalSection
	GlobalSection(ExtensibilityGlobals) = postSolution
		SolutionGuid = {1A2B2FBA-F8DD-4351-B77F-12356B7EC8C9}
	EndGlobalSection
EndGlobal
