
Microsoft Visual Studio Solution File, Format Version 12.00
# Visual Studio Version 17
VisualStudioVersion = 17.0.31521.260
MinimumVisualStudioVersion = 10.0.40219.1
Project("{9A19103F-16F7-4668-BE54-9A1E7A4F7556}") = "SalesByMatch", "SalesByMatch\SalesByMatch.csproj", "{B9BAB181-6225-49C4-8DF0-3D53D41EED4F}"
EndProject
Project("{9A19103F-16F7-4668-BE54-9A1E7A4F7556}") = "CountingValeys", "CountingValeys\CountingValeys.csproj", "{53C72FD6-DC1E-42EB-B31B-DFF890AE3E99}"
EndProject
Project("{9A19103F-16F7-4668-BE54-9A1E7A4F7556}") = "JumpingOnTheClouds", "JumpingOnTheClouds\JumpingOnTheClouds.csproj", "{32AA1E84-510C-4EE9-B4CB-342197C28329}"
EndProject
Project("{9A19103F-16F7-4668-BE54-9A1E7A4F7556}") = "RepeatedString", "RepeatedString\RepeatedString.csproj", "{B61CC317-CC3B-43BD-8A92-D126E1BBE6CA}"
EndProject
Project("{9A19103F-16F7-4668-BE54-9A1E7A4F7556}") = "DiagonalDifference", "DiagonalDifference\DiagonalDifference.csproj", "{49B395D5-4E9A-429B-BD54-69631608E638}"
EndProject
Project("{9A19103F-16F7-4668-BE54-9A1E7A4F7556}") = "Staircase", "Staircase\Staircase.csproj", "{8320E2DC-6B41-4199-97CF-128087F5D4B2}"
EndProject
Project("{9A19103F-16F7-4668-BE54-9A1E7A4F7556}") = "PlusMinus", "PlusMinus\PlusMinus.csproj", "{ECB06117-AD8B-44E0-8656-655966A00E94}"
EndProject
Project("{9A19103F-16F7-4668-BE54-9A1E7A4F7556}") = "MiniMaxSum", "MiniMaxSum\MiniMaxSum.csproj", "{27BFD93D-36F0-4DB2-A2F8-D1A5809806BF}"
EndProject
Project("{9A19103F-16F7-4668-BE54-9A1E7A4F7556}") = "BirthdayCakeCandles", "BirthdayCakeCandles\BirthdayCakeCandles.csproj", "{3EE3DC21-48D0-47CB-887A-6D2C0D2C9A17}"
EndProject
Project("{FAE04EC0-301F-11D3-BF4B-00C04F79EFBC}") = "TimeConversion", "TimeConversion\TimeConversion.csproj", "{32B87302-3BF8-439B-A619-9E1CECC8906C}"
EndProject
Project("{2150E333-8FDC-42A3-9474-1A3956D46DE8}") = "Strings", "Strings", "{7A306FC3-5648-4A58-A8A9-2D5A555788A5}"
EndProject
Project("{FAE04EC0-301F-11D3-BF4B-00C04F79EFBC}") = "CamelCase", "Strings\CamelCase\CamelCase.csproj", "{98395B03-D702-4FC4-8B6E-19EDB1267F1F}"
EndProject
Project("{FAE04EC0-301F-11D3-BF4B-00C04F79EFBC}") = "StrongPassword", "Strings\StrongPassword\StrongPassword.csproj", "{5B57F078-DBA1-40EF-ACAA-6FFF688FCE63}"
EndProject
Global
	GlobalSection(SolutionConfigurationPlatforms) = preSolution
		Debug|Any CPU = Debug|Any CPU
		Release|Any CPU = Release|Any CPU
	EndGlobalSection
	GlobalSection(ProjectConfigurationPlatforms) = postSolution
		{B9BAB181-6225-49C4-8DF0-3D53D41EED4F}.Debug|Any CPU.ActiveCfg = Debug|Any CPU
		{B9BAB181-6225-49C4-8DF0-3D53D41EED4F}.Debug|Any CPU.Build.0 = Debug|Any CPU
		{B9BAB181-6225-49C4-8DF0-3D53D41EED4F}.Release|Any CPU.ActiveCfg = Release|Any CPU
		{B9BAB181-6225-49C4-8DF0-3D53D41EED4F}.Release|Any CPU.Build.0 = Release|Any CPU
		{53C72FD6-DC1E-42EB-B31B-DFF890AE3E99}.Debug|Any CPU.ActiveCfg = Debug|Any CPU
		{53C72FD6-DC1E-42EB-B31B-DFF890AE3E99}.Debug|Any CPU.Build.0 = Debug|Any CPU
		{53C72FD6-DC1E-42EB-B31B-DFF890AE3E99}.Release|Any CPU.ActiveCfg = Release|Any CPU
		{53C72FD6-DC1E-42EB-B31B-DFF890AE3E99}.Release|Any CPU.Build.0 = Release|Any CPU
		{32AA1E84-510C-4EE9-B4CB-342197C28329}.Debug|Any CPU.ActiveCfg = Debug|Any CPU
		{32AA1E84-510C-4EE9-B4CB-342197C28329}.Debug|Any CPU.Build.0 = Debug|Any CPU
		{32AA1E84-510C-4EE9-B4CB-342197C28329}.Release|Any CPU.ActiveCfg = Release|Any CPU
		{32AA1E84-510C-4EE9-B4CB-342197C28329}.Release|Any CPU.Build.0 = Release|Any CPU
		{B61CC317-CC3B-43BD-8A92-D126E1BBE6CA}.Debug|Any CPU.ActiveCfg = Debug|Any CPU
		{B61CC317-CC3B-43BD-8A92-D126E1BBE6CA}.Debug|Any CPU.Build.0 = Debug|Any CPU
		{B61CC317-CC3B-43BD-8A92-D126E1BBE6CA}.Release|Any CPU.ActiveCfg = Release|Any CPU
		{B61CC317-CC3B-43BD-8A92-D126E1BBE6CA}.Release|Any CPU.Build.0 = Release|Any CPU
		{49B395D5-4E9A-429B-BD54-69631608E638}.Debug|Any CPU.ActiveCfg = Debug|Any CPU
		{49B395D5-4E9A-429B-BD54-69631608E638}.Debug|Any CPU.Build.0 = Debug|Any CPU
		{49B395D5-4E9A-429B-BD54-69631608E638}.Release|Any CPU.ActiveCfg = Release|Any CPU
		{49B395D5-4E9A-429B-BD54-69631608E638}.Release|Any CPU.Build.0 = Release|Any CPU
		{8320E2DC-6B41-4199-97CF-128087F5D4B2}.Debug|Any CPU.ActiveCfg = Debug|Any CPU
		{8320E2DC-6B41-4199-97CF-128087F5D4B2}.Debug|Any CPU.Build.0 = Debug|Any CPU
		{8320E2DC-6B41-4199-97CF-128087F5D4B2}.Release|Any CPU.ActiveCfg = Release|Any CPU
		{8320E2DC-6B41-4199-97CF-128087F5D4B2}.Release|Any CPU.Build.0 = Release|Any CPU
		{ECB06117-AD8B-44E0-8656-655966A00E94}.Debug|Any CPU.ActiveCfg = Debug|Any CPU
		{ECB06117-AD8B-44E0-8656-655966A00E94}.Debug|Any CPU.Build.0 = Debug|Any CPU
		{ECB06117-AD8B-44E0-8656-655966A00E94}.Release|Any CPU.ActiveCfg = Release|Any CPU
		{ECB06117-AD8B-44E0-8656-655966A00E94}.Release|Any CPU.Build.0 = Release|Any CPU
		{27BFD93D-36F0-4DB2-A2F8-D1A5809806BF}.Debug|Any CPU.ActiveCfg = Debug|Any CPU
		{27BFD93D-36F0-4DB2-A2F8-D1A5809806BF}.Debug|Any CPU.Build.0 = Debug|Any CPU
		{27BFD93D-36F0-4DB2-A2F8-D1A5809806BF}.Release|Any CPU.ActiveCfg = Release|Any CPU
		{27BFD93D-36F0-4DB2-A2F8-D1A5809806BF}.Release|Any CPU.Build.0 = Release|Any CPU
		{3EE3DC21-48D0-47CB-887A-6D2C0D2C9A17}.Debug|Any CPU.ActiveCfg = Debug|Any CPU
		{3EE3DC21-48D0-47CB-887A-6D2C0D2C9A17}.Debug|Any CPU.Build.0 = Debug|Any CPU
		{3EE3DC21-48D0-47CB-887A-6D2C0D2C9A17}.Release|Any CPU.ActiveCfg = Release|Any CPU
		{3EE3DC21-48D0-47CB-887A-6D2C0D2C9A17}.Release|Any CPU.Build.0 = Release|Any CPU
		{32B87302-3BF8-439B-A619-9E1CECC8906C}.Debug|Any CPU.ActiveCfg = Debug|Any CPU
		{32B87302-3BF8-439B-A619-9E1CECC8906C}.Debug|Any CPU.Build.0 = Debug|Any CPU
		{32B87302-3BF8-439B-A619-9E1CECC8906C}.Release|Any CPU.ActiveCfg = Release|Any CPU
		{32B87302-3BF8-439B-A619-9E1CECC8906C}.Release|Any CPU.Build.0 = Release|Any CPU
		{98395B03-D702-4FC4-8B6E-19EDB1267F1F}.Debug|Any CPU.ActiveCfg = Debug|Any CPU
		{98395B03-D702-4FC4-8B6E-19EDB1267F1F}.Debug|Any CPU.Build.0 = Debug|Any CPU
		{98395B03-D702-4FC4-8B6E-19EDB1267F1F}.Release|Any CPU.ActiveCfg = Release|Any CPU
		{98395B03-D702-4FC4-8B6E-19EDB1267F1F}.Release|Any CPU.Build.0 = Release|Any CPU
		{5B57F078-DBA1-40EF-ACAA-6FFF688FCE63}.Debug|Any CPU.ActiveCfg = Debug|Any CPU
		{5B57F078-DBA1-40EF-ACAA-6FFF688FCE63}.Debug|Any CPU.Build.0 = Debug|Any CPU
		{5B57F078-DBA1-40EF-ACAA-6FFF688FCE63}.Release|Any CPU.ActiveCfg = Release|Any CPU
		{5B57F078-DBA1-40EF-ACAA-6FFF688FCE63}.Release|Any CPU.Build.0 = Release|Any CPU
	EndGlobalSection
	GlobalSection(SolutionProperties) = preSolution
		HideSolutionNode = FALSE
	EndGlobalSection
	GlobalSection(NestedProjects) = preSolution
		{98395B03-D702-4FC4-8B6E-19EDB1267F1F} = {7A306FC3-5648-4A58-A8A9-2D5A555788A5}
		{5B57F078-DBA1-40EF-ACAA-6FFF688FCE63} = {7A306FC3-5648-4A58-A8A9-2D5A555788A5}
	EndGlobalSection
	GlobalSection(ExtensibilityGlobals) = postSolution
		SolutionGuid = {1A2B2FBA-F8DD-4351-B77F-12356B7EC8C9}
	EndGlobalSection
EndGlobal
